<?xml version="1.0" encoding="UTF-8"?>
<!DOCTYPE plist PUBLIC "-//Apple//DTD PLIST 1.0//EN" "http://www.apple.com/DTDs/PropertyList-1.0.dtd">
<plist version="1.0">
<dict>
	<key>archiveVersion</key>
	<string>1</string>
	<key>classes</key>
	<dict/>
	<key>objectVersion</key>
	<string>46</string>
	<key>objects</key>
	<dict>
		<key>006501C500AD838318B6DECF</key>
		<dict>
			<key>includeInIndex</key>
			<string>1</string>
			<key>isa</key>
			<string>PBXFileReference</string>
			<key>lastKnownFileType</key>
			<string>text.xcconfig</string>
			<key>name</key>
			<string>Pods-VKWallReaderTests.release.xcconfig</string>
			<key>path</key>
			<string>Pods/Target Support Files/Pods-VKWallReaderTests/Pods-VKWallReaderTests.release.xcconfig</string>
			<key>sourceTree</key>
			<string>&lt;group&gt;</string>
		</dict>
		<key>0A8BE3D86869DF8A8F48FB8F</key>
		<dict>
			<key>buildActionMask</key>
			<string>2147483647</string>
			<key>files</key>
			<array/>
			<key>inputPaths</key>
			<array/>
			<key>isa</key>
			<string>PBXShellScriptBuildPhase</string>
			<key>name</key>
			<string>[CP] Check Pods Manifest.lock</string>
			<key>outputPaths</key>
			<array/>
			<key>runOnlyForDeploymentPostprocessing</key>
			<string>0</string>
			<key>shellPath</key>
			<string>/bin/sh</string>
			<key>shellScript</key>
			<string>diff "${PODS_ROOT}/../Podfile.lock" "${PODS_ROOT}/Manifest.lock" &gt; /dev/null
if [[ $? != 0 ]] ; then
    cat &lt;&lt; EOM
error: The sandbox is not in sync with the Podfile.lock. Run 'pod install' or update your CocoaPods installation.
EOM
    exit 1
fi
</string>
			<key>showEnvVarsInLog</key>
			<string>0</string>
		</dict>
		<key>1E3F3E9190833FCACF8EAF91</key>
		<dict>
			<key>buildActionMask</key>
			<string>2147483647</string>
			<key>files</key>
			<array/>
			<key>inputPaths</key>
			<array/>
			<key>isa</key>
			<string>PBXShellScriptBuildPhase</string>
			<key>name</key>
			<string>[CP] Embed Pods Frameworks</string>
			<key>outputPaths</key>
			<array/>
			<key>runOnlyForDeploymentPostprocessing</key>
			<string>0</string>
			<key>shellPath</key>
			<string>/bin/sh</string>
			<key>shellScript</key>
			<string>"${SRCROOT}/Pods/Target Support Files/Pods-VKWallReaderTests/Pods-VKWallReaderTests-frameworks.sh"
</string>
			<key>showEnvVarsInLog</key>
			<string>0</string>
		</dict>
		<key>3D1F1E45919C73617F0DA931</key>
		<dict>
			<key>fileRef</key>
			<string>9F5E90C0B0D8AC71D88B8153</string>
			<key>isa</key>
			<string>PBXBuildFile</string>
		</dict>
		<key>564A3B0949A1DEBD623C53BA</key>
		<dict>
			<key>includeInIndex</key>
			<string>1</string>
			<key>isa</key>
			<string>PBXFileReference</string>
			<key>lastKnownFileType</key>
			<string>text.xcconfig</string>
			<key>name</key>
			<string>Pods-VKWallReader.release.xcconfig</string>
			<key>path</key>
			<string>Pods/Target Support Files/Pods-VKWallReader/Pods-VKWallReader.release.xcconfig</string>
			<key>sourceTree</key>
			<string>&lt;group&gt;</string>
		</dict>
		<key>5761084DC4C41FD7DB146232</key>
		<dict>
			<key>buildActionMask</key>
			<string>2147483647</string>
			<key>files</key>
			<array/>
			<key>inputPaths</key>
			<array/>
			<key>isa</key>
			<string>PBXShellScriptBuildPhase</string>
			<key>name</key>
			<string>[CP] Copy Pods Resources</string>
			<key>outputPaths</key>
			<array/>
			<key>runOnlyForDeploymentPostprocessing</key>
			<string>0</string>
			<key>shellPath</key>
			<string>/bin/sh</string>
			<key>shellScript</key>
			<string>"${SRCROOT}/Pods/Target Support Files/Pods-VKWallReader/Pods-VKWallReader-resources.sh"
</string>
			<key>showEnvVarsInLog</key>
			<string>0</string>
		</dict>
		<key>576247D5A14DFBB8CA94450D</key>
		<dict>
			<key>fileRef</key>
			<string>CE7E227FCAE4BD8010D849B3</string>
			<key>isa</key>
			<string>PBXBuildFile</string>
		</dict>
		<key>73773EA1F816C7C4E5E60747</key>
		<dict>
			<key>buildActionMask</key>
			<string>2147483647</string>
			<key>files</key>
			<array/>
			<key>inputPaths</key>
			<array/>
			<key>isa</key>
			<string>PBXShellScriptBuildPhase</string>
			<key>name</key>
			<string>[CP] Check Pods Manifest.lock</string>
			<key>outputPaths</key>
			<array/>
			<key>runOnlyForDeploymentPostprocessing</key>
			<string>0</string>
			<key>shellPath</key>
			<string>/bin/sh</string>
			<key>shellScript</key>
			<string>diff "${PODS_ROOT}/../Podfile.lock" "${PODS_ROOT}/Manifest.lock" &gt; /dev/null
if [[ $? != 0 ]] ; then
    cat &lt;&lt; EOM
error: The sandbox is not in sync with the Podfile.lock. Run 'pod install' or update your CocoaPods installation.
EOM
    exit 1
fi
</string>
			<key>showEnvVarsInLog</key>
			<string>0</string>
		</dict>
		<key>9F5E90C0B0D8AC71D88B8153</key>
		<dict>
			<key>explicitFileType</key>
			<string>archive.ar</string>
			<key>includeInIndex</key>
			<string>0</string>
			<key>isa</key>
			<string>PBXFileReference</string>
			<key>path</key>
			<string>libPods-VKWallReaderTests.a</string>
			<key>sourceTree</key>
			<string>BUILT_PRODUCTS_DIR</string>
		</dict>
		<key>AA576CC6C4E9A5834E165D6B</key>
		<dict>
			<key>buildActionMask</key>
			<string>2147483647</string>
			<key>files</key>
			<array/>
			<key>inputPaths</key>
			<array/>
			<key>isa</key>
			<string>PBXShellScriptBuildPhase</string>
			<key>name</key>
			<string>[CP] Embed Pods Frameworks</string>
			<key>outputPaths</key>
			<array/>
			<key>runOnlyForDeploymentPostprocessing</key>
			<string>0</string>
			<key>shellPath</key>
			<string>/bin/sh</string>
			<key>shellScript</key>
			<string>"${SRCROOT}/Pods/Target Support Files/Pods-VKWallReader/Pods-VKWallReader-frameworks.sh"
</string>
			<key>showEnvVarsInLog</key>
			<string>0</string>
		</dict>
		<key>AC71777C692CD0CDC6F621F7</key>
		<dict>
			<key>buildActionMask</key>
			<string>2147483647</string>
			<key>files</key>
			<array/>
			<key>inputPaths</key>
			<array/>
			<key>isa</key>
			<string>PBXShellScriptBuildPhase</string>
			<key>name</key>
			<string>[CP] Copy Pods Resources</string>
			<key>outputPaths</key>
			<array/>
			<key>runOnlyForDeploymentPostprocessing</key>
			<string>0</string>
			<key>shellPath</key>
			<string>/bin/sh</string>
			<key>shellScript</key>
			<string>"${SRCROOT}/Pods/Target Support Files/Pods-VKWallReaderTests/Pods-VKWallReaderTests-resources.sh"
</string>
			<key>showEnvVarsInLog</key>
			<string>0</string>
		</dict>
		<key>B5FB1A13571CF619A5855A47</key>
		<dict>
			<key>includeInIndex</key>
			<string>1</string>
			<key>isa</key>
			<string>PBXFileReference</string>
			<key>lastKnownFileType</key>
			<string>text.xcconfig</string>
			<key>name</key>
			<string>Pods-VKWallReaderTests.debug.xcconfig</string>
			<key>path</key>
			<string>Pods/Target Support Files/Pods-VKWallReaderTests/Pods-VKWallReaderTests.debug.xcconfig</string>
			<key>sourceTree</key>
			<string>&lt;group&gt;</string>
		</dict>
		<key>CE7E227FCAE4BD8010D849B3</key>
		<dict>
			<key>explicitFileType</key>
			<string>archive.ar</string>
			<key>includeInIndex</key>
			<string>0</string>
			<key>isa</key>
			<string>PBXFileReference</string>
			<key>path</key>
			<string>libPods-VKWallReader.a</string>
			<key>sourceTree</key>
			<string>BUILT_PRODUCTS_DIR</string>
		</dict>
		<key>E601FB559F10C971378CE700</key>
		<dict>
			<key>includeInIndex</key>
			<string>1</string>
			<key>isa</key>
			<string>PBXFileReference</string>
			<key>lastKnownFileType</key>
			<string>text.xcconfig</string>
			<key>name</key>
			<string>Pods-VKWallReader.debug.xcconfig</string>
			<key>path</key>
			<string>Pods/Target Support Files/Pods-VKWallReader/Pods-VKWallReader.debug.xcconfig</string>
			<key>sourceTree</key>
			<string>&lt;group&gt;</string>
		</dict>
		<key>EC1A32FE9F2D8BB40503AF11</key>
		<dict>
			<key>children</key>
			<array>
				<string>E601FB559F10C971378CE700</string>
				<string>564A3B0949A1DEBD623C53BA</string>
				<string>B5FB1A13571CF619A5855A47</string>
				<string>006501C500AD838318B6DECF</string>
			</array>
			<key>isa</key>
			<string>PBXGroup</string>
			<key>name</key>
			<string>Pods</string>
			<key>sourceTree</key>
			<string>&lt;group&gt;</string>
		</dict>
		<key>F1578DCB861345EC4A26EB1F</key>
		<dict>
			<key>children</key>
			<array>
				<string>CE7E227FCAE4BD8010D849B3</string>
				<string>9F5E90C0B0D8AC71D88B8153</string>
			</array>
			<key>isa</key>
			<string>PBXGroup</string>
			<key>name</key>
			<string>Frameworks</string>
			<key>sourceTree</key>
			<string>&lt;group&gt;</string>
		</dict>
		<key>FB378CFC1DD47E2000CD8134</key>
		<dict>
			<key>children</key>
			<array>
				<string>FB378CFD1DD47E3900CD8134</string>
				<string>FB378CFE1DD47E3900CD8134</string>
			</array>
			<key>isa</key>
			<string>PBXGroup</string>
			<key>path</key>
			<string>Views</string>
			<key>sourceTree</key>
			<string>&lt;group&gt;</string>
		</dict>
		<key>FB378CFD1DD47E3900CD8134</key>
		<dict>
			<key>fileEncoding</key>
			<string>4</string>
			<key>isa</key>
			<string>PBXFileReference</string>
			<key>lastKnownFileType</key>
			<string>sourcecode.c.h</string>
			<key>path</key>
			<string>WallPostCell.h</string>
			<key>sourceTree</key>
			<string>&lt;group&gt;</string>
		</dict>
		<key>FB378CFE1DD47E3900CD8134</key>
		<dict>
			<key>fileEncoding</key>
			<string>4</string>
			<key>isa</key>
			<string>PBXFileReference</string>
			<key>lastKnownFileType</key>
			<string>sourcecode.c.objc</string>
			<key>path</key>
			<string>WallPostCell.m</string>
			<key>sourceTree</key>
			<string>&lt;group&gt;</string>
		</dict>
		<key>FB378CFF1DD47E3900CD8134</key>
		<dict>
			<key>fileRef</key>
			<string>FB378CFE1DD47E3900CD8134</string>
			<key>isa</key>
			<string>PBXBuildFile</string>
		</dict>
		<key>FB378D011DD4926E00CD8134</key>
		<dict>
			<key>fileEncoding</key>
			<string>4</string>
			<key>isa</key>
			<string>PBXFileReference</string>
			<key>lastKnownFileType</key>
			<string>sourcecode.c.h</string>
			<key>path</key>
			<string>ProfileEntity+Additions.h</string>
			<key>sourceTree</key>
			<string>&lt;group&gt;</string>
		</dict>
		<key>FB378D021DD4926E00CD8134</key>
		<dict>
			<key>fileEncoding</key>
			<string>4</string>
			<key>isa</key>
			<string>PBXFileReference</string>
			<key>lastKnownFileType</key>
			<string>sourcecode.c.objc</string>
			<key>path</key>
			<string>ProfileEntity+Additions.m</string>
			<key>sourceTree</key>
			<string>&lt;group&gt;</string>
		</dict>
		<key>FB378D031DD4926E00CD8134</key>
		<dict>
			<key>fileRef</key>
			<string>FB378D021DD4926E00CD8134</string>
			<key>isa</key>
			<string>PBXBuildFile</string>
		</dict>
		<key>FB378D041DD492D000CD8134</key>
		<dict>
			<key>children</key>
			<array/>
			<key>isa</key>
			<string>PBXGroup</string>
			<key>path</key>
			<string>Entities</string>
			<key>sourceTree</key>
			<string>&lt;group&gt;</string>
		</dict>
		<key>FB378D111DD4947E00CD8134</key>
		<dict>
			<key>fileEncoding</key>
			<string>4</string>
			<key>isa</key>
			<string>PBXFileReference</string>
			<key>lastKnownFileType</key>
			<string>sourcecode.c.h</string>
			<key>path</key>
			<string>GetProfileWorker.h</string>
			<key>sourceTree</key>
			<string>&lt;group&gt;</string>
		</dict>
		<key>FB378D121DD4947E00CD8134</key>
		<dict>
			<key>fileEncoding</key>
			<string>4</string>
			<key>isa</key>
			<string>PBXFileReference</string>
			<key>lastKnownFileType</key>
			<string>sourcecode.c.objc</string>
			<key>path</key>
			<string>GetProfileWorker.m</string>
			<key>sourceTree</key>
			<string>&lt;group&gt;</string>
		</dict>
		<key>FB378D131DD4947E00CD8134</key>
		<dict>
			<key>fileRef</key>
			<string>FB378D121DD4947E00CD8134</string>
			<key>isa</key>
			<string>PBXBuildFile</string>
		</dict>
		<key>FB378D171DD4954300CD8134</key>
		<dict>
			<key>fileEncoding</key>
			<string>4</string>
			<key>isa</key>
			<string>PBXFileReference</string>
			<key>lastKnownFileType</key>
			<string>sourcecode.c.h</string>
			<key>path</key>
			<string>GetWallOfGroupWorker.h</string>
			<key>sourceTree</key>
			<string>&lt;group&gt;</string>
		</dict>
		<key>FB378D181DD4954300CD8134</key>
		<dict>
			<key>fileEncoding</key>
			<string>4</string>
			<key>isa</key>
			<string>PBXFileReference</string>
			<key>lastKnownFileType</key>
			<string>sourcecode.c.objc</string>
			<key>path</key>
			<string>GetWallOfGroupWorker.m</string>
			<key>sourceTree</key>
			<string>&lt;group&gt;</string>
		</dict>
		<key>FB378D191DD4954300CD8134</key>
		<dict>
			<key>fileRef</key>
			<string>FB378D181DD4954300CD8134</string>
			<key>isa</key>
			<string>PBXBuildFile</string>
		</dict>
		<key>FB3DE1061DD33AAB0048E494</key>
		<dict>
			<key>fileEncoding</key>
			<string>4</string>
			<key>isa</key>
			<string>PBXFileReference</string>
			<key>lastKnownFileType</key>
			<string>sourcecode.c.h</string>
			<key>path</key>
			<string>GetGroupInfoWorker.h</string>
			<key>sourceTree</key>
			<string>&lt;group&gt;</string>
		</dict>
		<key>FB3DE1071DD33AAB0048E494</key>
		<dict>
			<key>fileEncoding</key>
			<string>4</string>
			<key>isa</key>
			<string>PBXFileReference</string>
			<key>lastKnownFileType</key>
			<string>sourcecode.c.objc</string>
			<key>path</key>
			<string>GetGroupInfoWorker.m</string>
			<key>sourceTree</key>
			<string>&lt;group&gt;</string>
		</dict>
		<key>FB3DE1081DD33AAB0048E494</key>
		<dict>
			<key>fileRef</key>
			<string>FB3DE1071DD33AAB0048E494</string>
			<key>isa</key>
			<string>PBXBuildFile</string>
		</dict>
		<key>FB3DE10A1DD340850048E494</key>
		<dict>
			<key>fileEncoding</key>
			<string>4</string>
			<key>isa</key>
			<string>PBXFileReference</string>
			<key>lastKnownFileType</key>
			<string>sourcecode.c.h</string>
			<key>path</key>
			<string>UpdateGroupInfoWorker.h</string>
			<key>sourceTree</key>
			<string>&lt;group&gt;</string>
		</dict>
		<key>FB3DE10B1DD340850048E494</key>
		<dict>
			<key>fileEncoding</key>
			<string>4</string>
			<key>isa</key>
			<string>PBXFileReference</string>
			<key>lastKnownFileType</key>
			<string>sourcecode.c.objc</string>
			<key>path</key>
			<string>UpdateGroupInfoWorker.m</string>
			<key>sourceTree</key>
			<string>&lt;group&gt;</string>
		</dict>
		<key>FB3DE10C1DD340850048E494</key>
		<dict>
			<key>fileRef</key>
			<string>FB3DE10B1DD340850048E494</string>
			<key>isa</key>
			<string>PBXBuildFile</string>
		</dict>
		<key>FB3DE10D1DD341F60048E494</key>
		<dict>
			<key>fileEncoding</key>
			<string>4</string>
			<key>isa</key>
			<string>PBXFileReference</string>
			<key>lastKnownFileType</key>
			<string>sourcecode.c.h</string>
			<key>path</key>
			<string>GroupEntity+Additions.h</string>
			<key>sourceTree</key>
			<string>&lt;group&gt;</string>
		</dict>
		<key>FB3DE10E1DD341F60048E494</key>
		<dict>
			<key>fileEncoding</key>
			<string>4</string>
			<key>isa</key>
			<string>PBXFileReference</string>
			<key>lastKnownFileType</key>
			<string>sourcecode.c.objc</string>
			<key>path</key>
			<string>GroupEntity+Additions.m</string>
			<key>sourceTree</key>
			<string>&lt;group&gt;</string>
		</dict>
		<key>FB3DE10F1DD341F60048E494</key>
		<dict>
			<key>fileRef</key>
			<string>FB3DE10E1DD341F60048E494</string>
			<key>isa</key>
			<string>PBXBuildFile</string>
		</dict>
		<key>FB3DE1101DD344770048E494</key>
		<dict>
			<key>children</key>
			<array>
				<string>FB3DE1111DD344D20048E494</string>
				<string>FB3DE1121DD344D20048E494</string>
				<string>FB3DE1141DD344DC0048E494</string>
				<string>FB3DE1151DD344DC0048E494</string>
				<string>FB3DE1171DD344E80048E494</string>
				<string>FB3DE1181DD344E80048E494</string>
			</array>
			<key>isa</key>
			<string>PBXGroup</string>
			<key>path</key>
			<string>PONS</string>
			<key>sourceTree</key>
			<string>&lt;group&gt;</string>
		</dict>
		<key>FB3DE1111DD344D20048E494</key>
		<dict>
			<key>fileEncoding</key>
			<string>4</string>
			<key>isa</key>
			<string>PBXFileReference</string>
			<key>lastKnownFileType</key>
			<string>sourcecode.c.h</string>
			<key>path</key>
			<string>GroupModel.h</string>
			<key>sourceTree</key>
			<string>&lt;group&gt;</string>
		</dict>
		<key>FB3DE1121DD344D20048E494</key>
		<dict>
			<key>fileEncoding</key>
			<string>4</string>
			<key>isa</key>
			<string>PBXFileReference</string>
			<key>lastKnownFileType</key>
			<string>sourcecode.c.objc</string>
			<key>path</key>
			<string>GroupModel.m</string>
			<key>sourceTree</key>
			<string>&lt;group&gt;</string>
		</dict>
		<key>FB3DE1131DD344D20048E494</key>
		<dict>
			<key>fileRef</key>
			<string>FB3DE1121DD344D20048E494</string>
			<key>isa</key>
			<string>PBXBuildFile</string>
		</dict>
		<key>FB3DE1141DD344DC0048E494</key>
		<dict>
			<key>fileEncoding</key>
			<string>4</string>
			<key>isa</key>
			<string>PBXFileReference</string>
			<key>lastKnownFileType</key>
			<string>sourcecode.c.h</string>
			<key>path</key>
			<string>ProfileModel.h</string>
			<key>sourceTree</key>
			<string>&lt;group&gt;</string>
		</dict>
		<key>FB3DE1151DD344DC0048E494</key>
		<dict>
			<key>fileEncoding</key>
			<string>4</string>
			<key>isa</key>
			<string>PBXFileReference</string>
			<key>lastKnownFileType</key>
			<string>sourcecode.c.objc</string>
			<key>path</key>
			<string>ProfileModel.m</string>
			<key>sourceTree</key>
			<string>&lt;group&gt;</string>
		</dict>
		<key>FB3DE1161DD344DC0048E494</key>
		<dict>
			<key>fileRef</key>
			<string>FB3DE1151DD344DC0048E494</string>
			<key>isa</key>
			<string>PBXBuildFile</string>
		</dict>
		<key>FB3DE1171DD344E80048E494</key>
		<dict>
			<key>fileEncoding</key>
			<string>4</string>
			<key>isa</key>
			<string>PBXFileReference</string>
			<key>lastKnownFileType</key>
			<string>sourcecode.c.h</string>
			<key>path</key>
			<string>WallPostModel.h</string>
			<key>sourceTree</key>
			<string>&lt;group&gt;</string>
		</dict>
		<key>FB3DE1181DD344E80048E494</key>
		<dict>
			<key>fileEncoding</key>
			<string>4</string>
			<key>isa</key>
			<string>PBXFileReference</string>
			<key>lastKnownFileType</key>
			<string>sourcecode.c.objc</string>
			<key>path</key>
			<string>WallPostModel.m</string>
			<key>sourceTree</key>
			<string>&lt;group&gt;</string>
		</dict>
		<key>FB3DE1191DD344E80048E494</key>
		<dict>
			<key>fileRef</key>
			<string>FB3DE1181DD344E80048E494</string>
			<key>isa</key>
			<string>PBXBuildFile</string>
		</dict>
		<key>FB3DE11A1DD34F370048E494</key>
		<dict>
			<key>fileEncoding</key>
			<string>4</string>
			<key>isa</key>
			<string>PBXFileReference</string>
			<key>lastKnownFileType</key>
			<string>sourcecode.c.h</string>
			<key>path</key>
			<string>GetGroupsNetworkTask.h</string>
			<key>sourceTree</key>
			<string>&lt;group&gt;</string>
		</dict>
		<key>FB3DE11B1DD34F370048E494</key>
		<dict>
			<key>fileEncoding</key>
			<string>4</string>
			<key>isa</key>
			<string>PBXFileReference</string>
			<key>lastKnownFileType</key>
			<string>sourcecode.c.objc</string>
			<key>path</key>
			<string>GetGroupsNetworkTask.m</string>
			<key>sourceTree</key>
			<string>&lt;group&gt;</string>
		</dict>
		<key>FB3DE11C1DD34F370048E494</key>
		<dict>
			<key>fileRef</key>
			<string>FB3DE11B1DD34F370048E494</string>
			<key>isa</key>
			<string>PBXBuildFile</string>
		</dict>
		<key>FB8C8D151DD1E211008A7995</key>
		<dict>
			<key>children</key>
			<array>
				<string>FB8C8D161DD1E211008A7995</string>
				<string>FB8C8D191DD1E211008A7995</string>
				<string>FB8C8D1E1DD1E211008A7995</string>
				<string>FB8C8D1F1DD1E211008A7995</string>
				<string>FB8C8D201DD1E211008A7995</string>
				<string>FB8C8D251DD1E211008A7995</string>
				<string>FB8C8D2A1DD1E211008A7995</string>
				<string>FB8C8D2D1DD1E211008A7995</string>
			</array>
			<key>isa</key>
			<string>PBXGroup</string>
			<key>path</key>
			<string>Main</string>
			<key>sourceTree</key>
			<string>&lt;group&gt;</string>
		</dict>
		<key>FB8C8D161DD1E211008A7995</key>
		<dict>
			<key>children</key>
			<array>
				<string>FB8C8D171DD1E211008A7995</string>
				<string>FB8C8D181DD1E211008A7995</string>
			</array>
			<key>isa</key>
			<string>PBXGroup</string>
			<key>path</key>
			<string>Assembly</string>
			<key>sourceTree</key>
			<string>&lt;group&gt;</string>
		</dict>
		<key>FB8C8D171DD1E211008A7995</key>
		<dict>
			<key>fileEncoding</key>
			<string>4</string>
			<key>isa</key>
			<string>PBXFileReference</string>
			<key>lastKnownFileType</key>
			<string>sourcecode.c.h</string>
			<key>path</key>
			<string>MainAssembly.h</string>
			<key>sourceTree</key>
			<string>&lt;group&gt;</string>
		</dict>
		<key>FB8C8D181DD1E211008A7995</key>
		<dict>
			<key>fileEncoding</key>
			<string>4</string>
			<key>isa</key>
			<string>PBXFileReference</string>
			<key>lastKnownFileType</key>
			<string>sourcecode.c.objc</string>
			<key>path</key>
			<string>MainAssembly.m</string>
			<key>sourceTree</key>
			<string>&lt;group&gt;</string>
		</dict>
		<key>FB8C8D191DD1E211008A7995</key>
		<dict>
			<key>children</key>
			<array>
				<string>FB8C8D1A1DD1E211008A7995</string>
				<string>FB8C8D1B1DD1E211008A7995</string>
				<string>FB8C8D1C1DD1E211008A7995</string>
				<string>FB8C8D1D1DD1E211008A7995</string>
			</array>
			<key>isa</key>
			<string>PBXGroup</string>
			<key>path</key>
			<string>Interactor</string>
			<key>sourceTree</key>
			<string>&lt;group&gt;</string>
		</dict>
		<key>FB8C8D1A1DD1E211008A7995</key>
		<dict>
			<key>fileEncoding</key>
			<string>4</string>
			<key>isa</key>
			<string>PBXFileReference</string>
			<key>lastKnownFileType</key>
			<string>sourcecode.c.h</string>
			<key>path</key>
			<string>MainInteractor.h</string>
			<key>sourceTree</key>
			<string>&lt;group&gt;</string>
		</dict>
		<key>FB8C8D1B1DD1E211008A7995</key>
		<dict>
			<key>fileEncoding</key>
			<string>4</string>
			<key>isa</key>
			<string>PBXFileReference</string>
			<key>lastKnownFileType</key>
			<string>sourcecode.c.objc</string>
			<key>path</key>
			<string>MainInteractor.m</string>
			<key>sourceTree</key>
			<string>&lt;group&gt;</string>
		</dict>
		<key>FB8C8D1C1DD1E211008A7995</key>
		<dict>
			<key>fileEncoding</key>
			<string>4</string>
			<key>isa</key>
			<string>PBXFileReference</string>
			<key>lastKnownFileType</key>
			<string>sourcecode.c.h</string>
			<key>path</key>
			<string>MainInteractorInput.h</string>
			<key>sourceTree</key>
			<string>&lt;group&gt;</string>
		</dict>
		<key>FB8C8D1D1DD1E211008A7995</key>
		<dict>
			<key>fileEncoding</key>
			<string>4</string>
			<key>isa</key>
			<string>PBXFileReference</string>
			<key>lastKnownFileType</key>
			<string>sourcecode.c.h</string>
			<key>path</key>
			<string>MainInteractorOutput.h</string>
			<key>sourceTree</key>
			<string>&lt;group&gt;</string>
		</dict>
		<key>FB8C8D1E1DD1E211008A7995</key>
		<dict>
			<key>fileEncoding</key>
			<string>4</string>
			<key>isa</key>
			<string>PBXFileReference</string>
			<key>lastKnownFileType</key>
			<string>sourcecode.c.h</string>
			<key>path</key>
			<string>MainInput.h</string>
			<key>sourceTree</key>
			<string>&lt;group&gt;</string>
		</dict>
		<key>FB8C8D1F1DD1E211008A7995</key>
		<dict>
			<key>fileEncoding</key>
			<string>4</string>
			<key>isa</key>
			<string>PBXFileReference</string>
			<key>lastKnownFileType</key>
			<string>sourcecode.c.h</string>
			<key>path</key>
			<string>MainOutput.h</string>
			<key>sourceTree</key>
			<string>&lt;group&gt;</string>
		</dict>
		<key>FB8C8D201DD1E211008A7995</key>
		<dict>
			<key>children</key>
			<array>
				<string>FB8C8D211DD1E211008A7995</string>
				<string>FB8C8D221DD1E211008A7995</string>
				<string>FB8C8D231DD1E211008A7995</string>
				<string>FB8C8D241DD1E211008A7995</string>
			</array>
			<key>isa</key>
			<string>PBXGroup</string>
			<key>path</key>
			<string>Models</string>
			<key>sourceTree</key>
			<string>&lt;group&gt;</string>
		</dict>
		<key>FB8C8D211DD1E211008A7995</key>
		<dict>
			<key>fileEncoding</key>
			<string>4</string>
			<key>isa</key>
			<string>PBXFileReference</string>
			<key>lastKnownFileType</key>
			<string>sourcecode.c.h</string>
			<key>path</key>
			<string>MainInputData.h</string>
			<key>sourceTree</key>
			<string>&lt;group&gt;</string>
		</dict>
		<key>FB8C8D221DD1E211008A7995</key>
		<dict>
			<key>fileEncoding</key>
			<string>4</string>
			<key>isa</key>
			<string>PBXFileReference</string>
			<key>lastKnownFileType</key>
			<string>sourcecode.c.objc</string>
			<key>path</key>
			<string>MainInputData.m</string>
			<key>sourceTree</key>
			<string>&lt;group&gt;</string>
		</dict>
		<key>FB8C8D231DD1E211008A7995</key>
		<dict>
			<key>fileEncoding</key>
			<string>4</string>
			<key>isa</key>
			<string>PBXFileReference</string>
			<key>lastKnownFileType</key>
			<string>sourcecode.c.h</string>
			<key>path</key>
			<string>MainModels.h</string>
			<key>sourceTree</key>
			<string>&lt;group&gt;</string>
		</dict>
		<key>FB8C8D241DD1E211008A7995</key>
		<dict>
			<key>fileEncoding</key>
			<string>4</string>
			<key>isa</key>
			<string>PBXFileReference</string>
			<key>lastKnownFileType</key>
			<string>sourcecode.c.objc</string>
			<key>path</key>
			<string>MainModels.m</string>
			<key>sourceTree</key>
			<string>&lt;group&gt;</string>
		</dict>
		<key>FB8C8D251DD1E211008A7995</key>
		<dict>
			<key>children</key>
			<array>
				<string>FB8C8D261DD1E211008A7995</string>
				<string>FB8C8D271DD1E211008A7995</string>
				<string>FB8C8D281DD1E211008A7995</string>
				<string>FB8C8D291DD1E211008A7995</string>
			</array>
			<key>isa</key>
			<string>PBXGroup</string>
			<key>path</key>
			<string>Presenter</string>
			<key>sourceTree</key>
			<string>&lt;group&gt;</string>
		</dict>
		<key>FB8C8D261DD1E211008A7995</key>
		<dict>
			<key>fileEncoding</key>
			<string>4</string>
			<key>isa</key>
			<string>PBXFileReference</string>
			<key>lastKnownFileType</key>
			<string>sourcecode.c.h</string>
			<key>path</key>
			<string>MainPresenter.h</string>
			<key>sourceTree</key>
			<string>&lt;group&gt;</string>
		</dict>
		<key>FB8C8D271DD1E211008A7995</key>
		<dict>
			<key>fileEncoding</key>
			<string>4</string>
			<key>isa</key>
			<string>PBXFileReference</string>
			<key>lastKnownFileType</key>
			<string>sourcecode.c.objc</string>
			<key>path</key>
			<string>MainPresenter.m</string>
			<key>sourceTree</key>
			<string>&lt;group&gt;</string>
		</dict>
		<key>FB8C8D281DD1E211008A7995</key>
		<dict>
			<key>fileEncoding</key>
			<string>4</string>
			<key>isa</key>
			<string>PBXFileReference</string>
			<key>lastKnownFileType</key>
			<string>sourcecode.c.h</string>
			<key>path</key>
			<string>MainPresenterInput.h</string>
			<key>sourceTree</key>
			<string>&lt;group&gt;</string>
		</dict>
		<key>FB8C8D291DD1E211008A7995</key>
		<dict>
			<key>fileEncoding</key>
			<string>4</string>
			<key>isa</key>
			<string>PBXFileReference</string>
			<key>lastKnownFileType</key>
			<string>sourcecode.c.h</string>
			<key>path</key>
			<string>MainPresenterOutput.h</string>
			<key>sourceTree</key>
			<string>&lt;group&gt;</string>
		</dict>
		<key>FB8C8D2A1DD1E211008A7995</key>
		<dict>
			<key>children</key>
			<array>
				<string>FB8C8D2B1DD1E211008A7995</string>
				<string>FB8C8D2C1DD1E211008A7995</string>
			</array>
			<key>isa</key>
			<string>PBXGroup</string>
			<key>path</key>
			<string>Router</string>
			<key>sourceTree</key>
			<string>&lt;group&gt;</string>
		</dict>
		<key>FB8C8D2B1DD1E211008A7995</key>
		<dict>
			<key>fileEncoding</key>
			<string>4</string>
			<key>isa</key>
			<string>PBXFileReference</string>
			<key>lastKnownFileType</key>
			<string>sourcecode.c.h</string>
			<key>path</key>
			<string>MainRouter.h</string>
			<key>sourceTree</key>
			<string>&lt;group&gt;</string>
		</dict>
		<key>FB8C8D2C1DD1E211008A7995</key>
		<dict>
			<key>fileEncoding</key>
			<string>4</string>
			<key>isa</key>
			<string>PBXFileReference</string>
			<key>lastKnownFileType</key>
			<string>sourcecode.c.objc</string>
			<key>path</key>
			<string>MainRouter.m</string>
			<key>sourceTree</key>
			<string>&lt;group&gt;</string>
		</dict>
		<key>FB8C8D2D1DD1E211008A7995</key>
		<dict>
			<key>children</key>
			<array>
				<string>FBA1EE061DD2033B003F56ED</string>
				<string>FB8C8D2E1DD1E211008A7995</string>
				<string>FB8C8D2F1DD1E211008A7995</string>
				<string>FB8C8D301DD1E211008A7995</string>
				<string>FB8C8D311DD1E211008A7995</string>
			</array>
			<key>isa</key>
			<string>PBXGroup</string>
			<key>path</key>
			<string>ViewController</string>
			<key>sourceTree</key>
			<string>&lt;group&gt;</string>
		</dict>
		<key>FB8C8D2E1DD1E211008A7995</key>
		<dict>
			<key>fileEncoding</key>
			<string>4</string>
			<key>isa</key>
			<string>PBXFileReference</string>
			<key>lastKnownFileType</key>
			<string>sourcecode.c.h</string>
			<key>path</key>
			<string>MainViewController.h</string>
			<key>sourceTree</key>
			<string>&lt;group&gt;</string>
		</dict>
		<key>FB8C8D2F1DD1E211008A7995</key>
		<dict>
			<key>fileEncoding</key>
			<string>4</string>
			<key>isa</key>
			<string>PBXFileReference</string>
			<key>lastKnownFileType</key>
			<string>sourcecode.c.objc</string>
			<key>path</key>
			<string>MainViewController.m</string>
			<key>sourceTree</key>
			<string>&lt;group&gt;</string>
		</dict>
		<key>FB8C8D301DD1E211008A7995</key>
		<dict>
			<key>fileEncoding</key>
			<string>4</string>
			<key>isa</key>
			<string>PBXFileReference</string>
			<key>lastKnownFileType</key>
			<string>sourcecode.c.h</string>
			<key>path</key>
			<string>MainViewControllerInput.h</string>
			<key>sourceTree</key>
			<string>&lt;group&gt;</string>
		</dict>
		<key>FB8C8D311DD1E211008A7995</key>
		<dict>
			<key>fileEncoding</key>
			<string>4</string>
			<key>isa</key>
			<string>PBXFileReference</string>
			<key>lastKnownFileType</key>
			<string>sourcecode.c.h</string>
			<key>path</key>
			<string>MainViewControllerOutput.h</string>
			<key>sourceTree</key>
			<string>&lt;group&gt;</string>
		</dict>
		<key>FB8C8D321DD1E211008A7995</key>
		<dict>
			<key>fileRef</key>
			<string>FB8C8D181DD1E211008A7995</string>
			<key>isa</key>
			<string>PBXBuildFile</string>
		</dict>
		<key>FB8C8D331DD1E211008A7995</key>
		<dict>
			<key>fileRef</key>
			<string>FB8C8D1B1DD1E211008A7995</string>
			<key>isa</key>
			<string>PBXBuildFile</string>
		</dict>
		<key>FB8C8D341DD1E212008A7995</key>
		<dict>
			<key>fileRef</key>
			<string>FB8C8D221DD1E211008A7995</string>
			<key>isa</key>
			<string>PBXBuildFile</string>
		</dict>
		<key>FB8C8D351DD1E212008A7995</key>
		<dict>
			<key>fileRef</key>
			<string>FB8C8D241DD1E211008A7995</string>
			<key>isa</key>
			<string>PBXBuildFile</string>
		</dict>
		<key>FB8C8D361DD1E212008A7995</key>
		<dict>
			<key>fileRef</key>
			<string>FB8C8D271DD1E211008A7995</string>
			<key>isa</key>
			<string>PBXBuildFile</string>
		</dict>
		<key>FB8C8D371DD1E212008A7995</key>
		<dict>
			<key>fileRef</key>
			<string>FB8C8D2C1DD1E211008A7995</string>
			<key>isa</key>
			<string>PBXBuildFile</string>
		</dict>
		<key>FB8C8D381DD1E212008A7995</key>
		<dict>
			<key>fileRef</key>
			<string>FB8C8D2F1DD1E211008A7995</string>
			<key>isa</key>
			<string>PBXBuildFile</string>
		</dict>
		<key>FB8C8D391DD1E21E008A7995</key>
		<dict>
			<key>fileEncoding</key>
			<string>4</string>
			<key>isa</key>
			<string>PBXFileReference</string>
			<key>lastKnownFileType</key>
			<string>file.storyboard</string>
			<key>path</key>
			<string>Main.storyboard</string>
			<key>sourceTree</key>
			<string>&lt;group&gt;</string>
		</dict>
		<key>FB8C8D3A1DD1E21E008A7995</key>
		<dict>
			<key>fileRef</key>
			<string>FB8C8D391DD1E21E008A7995</string>
			<key>isa</key>
			<string>PBXBuildFile</string>
		</dict>
		<key>FB97728B1DD084810033B64E</key>
		<dict>
			<key>children</key>
			<array>
				<string>FB9772961DD084810033B64E</string>
				<string>FB9772B31DD084810033B64E</string>
				<string>FB9772951DD084810033B64E</string>
				<string>EC1A32FE9F2D8BB40503AF11</string>
				<string>F1578DCB861345EC4A26EB1F</string>
			</array>
			<key>isa</key>
			<string>PBXGroup</string>
			<key>sourceTree</key>
			<string>&lt;group&gt;</string>
		</dict>
		<key>FB97728C1DD084810033B64E</key>
		<dict>
			<key>attributes</key>
			<dict>
				<key>LastUpgradeCheck</key>
				<string>0810</string>
				<key>ORGANIZATIONNAME</key>
				<string>nvv</string>
				<key>TargetAttributes</key>
				<dict>
					<key>FB9772931DD084810033B64E</key>
					<dict>
						<key>CreatedOnToolsVersion</key>
						<string>8.1</string>
						<key>DevelopmentTeam</key>
						<string>Z6MDUXH66B</string>
						<key>ProvisioningStyle</key>
						<string>Automatic</string>
					</dict>
					<key>FB9772AF1DD084810033B64E</key>
					<dict>
						<key>CreatedOnToolsVersion</key>
						<string>8.1</string>
						<key>DevelopmentTeam</key>
						<string>Z6MDUXH66B</string>
						<key>ProvisioningStyle</key>
						<string>Automatic</string>
						<key>TestTargetID</key>
						<string>FB9772931DD084810033B64E</string>
					</dict>
				</dict>
			</dict>
			<key>buildConfigurationList</key>
			<string>FB97728F1DD084810033B64E</string>
			<key>compatibilityVersion</key>
			<string>Xcode 3.2</string>
			<key>developmentRegion</key>
			<string>English</string>
			<key>hasScannedForEncodings</key>
			<string>0</string>
			<key>isa</key>
			<string>PBXProject</string>
			<key>knownRegions</key>
			<array>
				<string>en</string>
				<string>Base</string>
			</array>
			<key>mainGroup</key>
			<string>FB97728B1DD084810033B64E</string>
			<key>productRefGroup</key>
			<string>FB9772951DD084810033B64E</string>
			<key>projectDirPath</key>
			<string></string>
			<key>projectReferences</key>
			<array/>
			<key>projectRoot</key>
			<string></string>
			<key>targets</key>
			<array>
				<string>FB9772931DD084810033B64E</string>
				<string>FB9772AF1DD084810033B64E</string>
			</array>
		</dict>
		<key>FB97728F1DD084810033B64E</key>
		<dict>
			<key>buildConfigurations</key>
			<array>
				<string>FB9772B71DD084810033B64E</string>
				<string>FB9772B81DD084810033B64E</string>
			</array>
			<key>defaultConfigurationIsVisible</key>
			<string>0</string>
			<key>defaultConfigurationName</key>
			<string>Release</string>
			<key>isa</key>
			<string>XCConfigurationList</string>
		</dict>
		<key>FB9772901DD084810033B64E</key>
		<dict>
			<key>buildActionMask</key>
			<string>2147483647</string>
			<key>files</key>
			<array>
				<string>FB9915D51DD44F93006ABF1C</string>
				<string>FBA1EE021DD1FB87003F56ED</string>
				<string>FB3DE11C1DD34F370048E494</string>
				<string>FB3DE1081DD33AAB0048E494</string>
				<string>FB8C8D331DD1E211008A7995</string>
				<string>FB3DE1131DD344D20048E494</string>
				<string>FBA1EDF71DD1EB8B003F56ED</string>
				<string>FBD46EA31DD2F8B00084EE09</string>
				<string>FB378D131DD4947E00CD8134</string>
				<string>FB3DE10F1DD341F60048E494</string>
				<string>FB8C8D351DD1E212008A7995</string>
				<string>FBD46E701DD2F4790084EE09</string>
				<string>FBD46E931DD2F60A0084EE09</string>
				<string>FB9915D71DD44F93006ABF1C</string>
				<string>FBD46E9D1DD2F8840084EE09</string>
				<string>FB8C8D361DD1E212008A7995</string>
				<string>FB97729C1DD084810033B64E</string>
				<string>FBD46E8F1DD2F4790084EE09</string>
				<string>FB8C8D381DD1E212008A7995</string>
				<string>FB378CFF1DD47E3900CD8134</string>
				<string>FB378D191DD4954300CD8134</string>
				<string>FB9915D61DD44F93006ABF1C</string>
				<string>FBD46E6D1DD2F4790084EE09</string>
				<string>FB3DE1191DD344E80048E494</string>
				<string>FB9915D81DD44F93006ABF1C</string>
				<string>FBD46E971DD2F6FE0084EE09</string>
				<string>FB8C8D371DD1E212008A7995</string>
				<string>FBD46E8D1DD2F4790084EE09</string>
				<string>FB8C8D321DD1E211008A7995</string>
				<string>FB3DE1161DD344DC0048E494</string>
				<string>FB378D031DD4926E00CD8134</string>
				<string>FB9915D41DD44F93006ABF1C</string>
				<string>FB9915D31DD44F93006ABF1C</string>
				<string>FBD46E6C1DD2F4790084EE09</string>
				<string>FB9915D91DD44F93006ABF1C</string>
				<string>FBA1EE091DD2035D003F56ED</string>
				<string>FBD46E6E1DD2F4790084EE09</string>
				<string>FBD46EA91DD30BA70084EE09</string>
				<string>FBD46E8E1DD2F4790084EE09</string>
				<string>FBD46E6F1DD2F4790084EE09</string>
				<string>FB8C8D341DD1E212008A7995</string>
				<string>FBA1EE011DD1FB87003F56ED</string>
				<string>FB3DE10C1DD340850048E494</string>
				<string>FBD46EA01DD2F8A60084EE09</string>
				<string>FB9772991DD084810033B64E</string>
				<string>FBD46E9A1DD2F7300084EE09</string>
			</array>
			<key>isa</key>
			<string>PBXSourcesBuildPhase</string>
			<key>runOnlyForDeploymentPostprocessing</key>
			<string>0</string>
		</dict>
		<key>FB9772911DD084810033B64E</key>
		<dict>
			<key>buildActionMask</key>
			<string>2147483647</string>
			<key>files</key>
			<array>
				<string>576247D5A14DFBB8CA94450D</string>
			</array>
			<key>isa</key>
			<string>PBXFrameworksBuildPhase</string>
			<key>runOnlyForDeploymentPostprocessing</key>
			<string>0</string>
		</dict>
		<key>FB9772921DD084810033B64E</key>
		<dict>
			<key>buildActionMask</key>
			<string>2147483647</string>
			<key>files</key>
			<array>
				<string>FB9772AA1DD084810033B64E</string>
				<string>FB9772A71DD084810033B64E</string>
				<string>FB8C8D3A1DD1E21E008A7995</string>
			</array>
			<key>isa</key>
			<string>PBXResourcesBuildPhase</string>
			<key>runOnlyForDeploymentPostprocessing</key>
			<string>0</string>
		</dict>
		<key>FB9772931DD084810033B64E</key>
		<dict>
			<key>buildConfigurationList</key>
			<string>FB9772B91DD084810033B64E</string>
			<key>buildPhases</key>
			<array>
				<string>73773EA1F816C7C4E5E60747</string>
				<string>FB9772901DD084810033B64E</string>
				<string>FB9772911DD084810033B64E</string>
				<string>FB9772921DD084810033B64E</string>
				<string>AA576CC6C4E9A5834E165D6B</string>
				<string>5761084DC4C41FD7DB146232</string>
			</array>
			<key>buildRules</key>
			<array/>
			<key>dependencies</key>
			<array/>
			<key>isa</key>
			<string>PBXNativeTarget</string>
			<key>name</key>
			<string>VKWallReader</string>
			<key>productName</key>
			<string>VKWallReader</string>
			<key>productReference</key>
			<string>FB9772941DD084810033B64E</string>
			<key>productType</key>
			<string>com.apple.product-type.application</string>
		</dict>
		<key>FB9772941DD084810033B64E</key>
		<dict>
			<key>explicitFileType</key>
			<string>wrapper.application</string>
			<key>includeInIndex</key>
			<string>0</string>
			<key>isa</key>
			<string>PBXFileReference</string>
			<key>path</key>
			<string>VKWallReader.app</string>
			<key>sourceTree</key>
			<string>BUILT_PRODUCTS_DIR</string>
		</dict>
		<key>FB9772951DD084810033B64E</key>
		<dict>
			<key>children</key>
			<array>
				<string>FB9772941DD084810033B64E</string>
				<string>FB9772B01DD084810033B64E</string>
			</array>
			<key>isa</key>
			<string>PBXGroup</string>
			<key>name</key>
			<string>Products</string>
			<key>sourceTree</key>
			<string>&lt;group&gt;</string>
		</dict>
		<key>FB9772961DD084810033B64E</key>
		<dict>
			<key>children</key>
			<array>
				<string>FBA1EDED1DD1EB06003F56ED</string>
				<string>FB9772BF1DD08D820033B64E</string>
				<string>FB9772C01DD08D820033B64E</string>
				<string>FB9772C11DD08D820033B64E</string>
				<string>FB9772C21DD08D820033B64E</string>
				<string>FB9772C31DD08D820033B64E</string>
				<string>FB9772C81DD08D820033B64E</string>
				<string>FB97729A1DD084810033B64E</string>
				<string>FB97729B1DD084810033B64E</string>
				<string>FB9772A61DD084810033B64E</string>
				<string>FB9772A81DD084810033B64E</string>
				<string>FB9772AB1DD084810033B64E</string>
				<string>FB9772971DD084810033B64E</string>
			</array>
			<key>isa</key>
			<string>PBXGroup</string>
			<key>path</key>
			<string>VKWallReader</string>
			<key>sourceTree</key>
			<string>&lt;group&gt;</string>
		</dict>
		<key>FB9772971DD084810033B64E</key>
		<dict>
			<key>children</key>
			<array>
				<string>FB9772981DD084810033B64E</string>
			</array>
			<key>isa</key>
			<string>PBXGroup</string>
			<key>name</key>
			<string>Supporting Files</string>
			<key>sourceTree</key>
			<string>&lt;group&gt;</string>
		</dict>
		<key>FB9772981DD084810033B64E</key>
		<dict>
			<key>isa</key>
			<string>PBXFileReference</string>
			<key>lastKnownFileType</key>
			<string>sourcecode.c.objc</string>
			<key>path</key>
			<string>main.m</string>
			<key>sourceTree</key>
			<string>&lt;group&gt;</string>
		</dict>
		<key>FB9772991DD084810033B64E</key>
		<dict>
			<key>fileRef</key>
			<string>FB9772981DD084810033B64E</string>
			<key>isa</key>
			<string>PBXBuildFile</string>
		</dict>
		<key>FB97729A1DD084810033B64E</key>
		<dict>
			<key>isa</key>
			<string>PBXFileReference</string>
			<key>lastKnownFileType</key>
			<string>sourcecode.c.h</string>
			<key>path</key>
			<string>AppDelegate.h</string>
			<key>sourceTree</key>
			<string>&lt;group&gt;</string>
		</dict>
		<key>FB97729B1DD084810033B64E</key>
		<dict>
			<key>isa</key>
			<string>PBXFileReference</string>
			<key>lastKnownFileType</key>
			<string>sourcecode.c.objc</string>
			<key>path</key>
			<string>AppDelegate.m</string>
			<key>sourceTree</key>
			<string>&lt;group&gt;</string>
		</dict>
		<key>FB97729C1DD084810033B64E</key>
		<dict>
			<key>fileRef</key>
			<string>FB97729B1DD084810033B64E</string>
			<key>isa</key>
			<string>PBXBuildFile</string>
		</dict>
		<key>FB9772A61DD084810033B64E</key>
		<dict>
			<key>isa</key>
			<string>PBXFileReference</string>
			<key>lastKnownFileType</key>
			<string>folder.assetcatalog</string>
			<key>path</key>
			<string>Assets.xcassets</string>
			<key>sourceTree</key>
			<string>&lt;group&gt;</string>
		</dict>
		<key>FB9772A71DD084810033B64E</key>
		<dict>
			<key>fileRef</key>
			<string>FB9772A61DD084810033B64E</string>
			<key>isa</key>
			<string>PBXBuildFile</string>
		</dict>
		<key>FB9772A81DD084810033B64E</key>
		<dict>
			<key>children</key>
			<array>
				<string>FB9772A91DD084810033B64E</string>
			</array>
			<key>isa</key>
			<string>PBXVariantGroup</string>
			<key>name</key>
			<string>LaunchScreen.storyboard</string>
			<key>sourceTree</key>
			<string>&lt;group&gt;</string>
		</dict>
		<key>FB9772A91DD084810033B64E</key>
		<dict>
			<key>isa</key>
			<string>PBXFileReference</string>
			<key>lastKnownFileType</key>
			<string>file.storyboard</string>
			<key>name</key>
			<string>Base</string>
			<key>path</key>
			<string>Base.lproj/LaunchScreen.storyboard</string>
			<key>sourceTree</key>
			<string>&lt;group&gt;</string>
		</dict>
		<key>FB9772AA1DD084810033B64E</key>
		<dict>
			<key>fileRef</key>
			<string>FB9772A81DD084810033B64E</string>
			<key>isa</key>
			<string>PBXBuildFile</string>
		</dict>
		<key>FB9772AB1DD084810033B64E</key>
		<dict>
			<key>isa</key>
			<string>PBXFileReference</string>
			<key>lastKnownFileType</key>
			<string>text.plist.xml</string>
			<key>path</key>
			<string>Info.plist</string>
			<key>sourceTree</key>
			<string>&lt;group&gt;</string>
		</dict>
		<key>FB9772AC1DD084810033B64E</key>
		<dict>
			<key>buildActionMask</key>
			<string>2147483647</string>
			<key>files</key>
			<array>
				<string>FB9772B51DD084810033B64E</string>
			</array>
			<key>isa</key>
			<string>PBXSourcesBuildPhase</string>
			<key>runOnlyForDeploymentPostprocessing</key>
			<string>0</string>
		</dict>
		<key>FB9772AD1DD084810033B64E</key>
		<dict>
			<key>buildActionMask</key>
			<string>2147483647</string>
			<key>files</key>
			<array>
				<string>3D1F1E45919C73617F0DA931</string>
			</array>
			<key>isa</key>
			<string>PBXFrameworksBuildPhase</string>
			<key>runOnlyForDeploymentPostprocessing</key>
			<string>0</string>
		</dict>
		<key>FB9772AE1DD084810033B64E</key>
		<dict>
			<key>buildActionMask</key>
			<string>2147483647</string>
			<key>files</key>
			<array/>
			<key>isa</key>
			<string>PBXResourcesBuildPhase</string>
			<key>runOnlyForDeploymentPostprocessing</key>
			<string>0</string>
		</dict>
		<key>FB9772AF1DD084810033B64E</key>
		<dict>
			<key>buildConfigurationList</key>
			<string>FB9772BC1DD084810033B64E</string>
			<key>buildPhases</key>
			<array>
				<string>0A8BE3D86869DF8A8F48FB8F</string>
				<string>FB9772AC1DD084810033B64E</string>
				<string>FB9772AD1DD084810033B64E</string>
				<string>FB9772AE1DD084810033B64E</string>
				<string>1E3F3E9190833FCACF8EAF91</string>
				<string>AC71777C692CD0CDC6F621F7</string>
			</array>
			<key>buildRules</key>
			<array/>
			<key>dependencies</key>
			<array>
				<string>FB9772B21DD084810033B64E</string>
			</array>
			<key>isa</key>
			<string>PBXNativeTarget</string>
			<key>name</key>
			<string>VKWallReaderTests</string>
			<key>productName</key>
			<string>VKWallReaderTests</string>
			<key>productReference</key>
			<string>FB9772B01DD084810033B64E</string>
			<key>productType</key>
			<string>com.apple.product-type.bundle.unit-test</string>
		</dict>
		<key>FB9772B01DD084810033B64E</key>
		<dict>
			<key>explicitFileType</key>
			<string>wrapper.cfbundle</string>
			<key>includeInIndex</key>
			<string>0</string>
			<key>isa</key>
			<string>PBXFileReference</string>
			<key>path</key>
			<string>VKWallReaderTests.xctest</string>
			<key>sourceTree</key>
			<string>BUILT_PRODUCTS_DIR</string>
		</dict>
		<key>FB9772B11DD084810033B64E</key>
		<dict>
			<key>containerPortal</key>
			<string>FB97728C1DD084810033B64E</string>
			<key>isa</key>
			<string>PBXContainerItemProxy</string>
			<key>proxyType</key>
			<string>1</string>
			<key>remoteGlobalIDString</key>
			<string>FB9772931DD084810033B64E</string>
			<key>remoteInfo</key>
			<string>VKWallReader</string>
		</dict>
		<key>FB9772B21DD084810033B64E</key>
		<dict>
			<key>isa</key>
			<string>PBXTargetDependency</string>
			<key>target</key>
			<string>FB9772931DD084810033B64E</string>
			<key>targetProxy</key>
			<string>FB9772B11DD084810033B64E</string>
		</dict>
		<key>FB9772B31DD084810033B64E</key>
		<dict>
			<key>children</key>
			<array>
				<string>FB9772B41DD084810033B64E</string>
				<string>FB9772B61DD084810033B64E</string>
			</array>
			<key>isa</key>
			<string>PBXGroup</string>
			<key>path</key>
			<string>VKWallReaderTests</string>
			<key>sourceTree</key>
			<string>&lt;group&gt;</string>
		</dict>
		<key>FB9772B41DD084810033B64E</key>
		<dict>
			<key>isa</key>
			<string>PBXFileReference</string>
			<key>lastKnownFileType</key>
			<string>sourcecode.c.objc</string>
			<key>path</key>
			<string>VKWallReaderTests.m</string>
			<key>sourceTree</key>
			<string>&lt;group&gt;</string>
		</dict>
		<key>FB9772B51DD084810033B64E</key>
		<dict>
			<key>fileRef</key>
			<string>FB9772B41DD084810033B64E</string>
			<key>isa</key>
			<string>PBXBuildFile</string>
		</dict>
		<key>FB9772B61DD084810033B64E</key>
		<dict>
			<key>isa</key>
			<string>PBXFileReference</string>
			<key>lastKnownFileType</key>
			<string>text.plist.xml</string>
			<key>path</key>
			<string>Info.plist</string>
			<key>sourceTree</key>
			<string>&lt;group&gt;</string>
		</dict>
		<key>FB9772B71DD084810033B64E</key>
		<dict>
			<key>buildSettings</key>
			<dict>
				<key>ALWAYS_SEARCH_USER_PATHS</key>
				<string>NO</string>
				<key>CLANG_ANALYZER_NONNULL</key>
				<string>YES</string>
				<key>CLANG_CXX_LANGUAGE_STANDARD</key>
				<string>gnu++0x</string>
				<key>CLANG_CXX_LIBRARY</key>
				<string>libc++</string>
				<key>CLANG_ENABLE_MODULES</key>
				<string>YES</string>
				<key>CLANG_ENABLE_OBJC_ARC</key>
				<string>YES</string>
				<key>CLANG_WARN_BOOL_CONVERSION</key>
				<string>YES</string>
				<key>CLANG_WARN_CONSTANT_CONVERSION</key>
				<string>YES</string>
				<key>CLANG_WARN_DIRECT_OBJC_ISA_USAGE</key>
				<string>YES_ERROR</string>
				<key>CLANG_WARN_DOCUMENTATION_COMMENTS</key>
				<string>YES</string>
				<key>CLANG_WARN_EMPTY_BODY</key>
				<string>YES</string>
				<key>CLANG_WARN_ENUM_CONVERSION</key>
				<string>YES</string>
				<key>CLANG_WARN_INFINITE_RECURSION</key>
				<string>YES</string>
				<key>CLANG_WARN_INT_CONVERSION</key>
				<string>YES</string>
				<key>CLANG_WARN_OBJC_ROOT_CLASS</key>
				<string>YES_ERROR</string>
				<key>CLANG_WARN_SUSPICIOUS_MOVE</key>
				<string>YES</string>
				<key>CLANG_WARN_SUSPICIOUS_MOVES</key>
				<string>YES</string>
				<key>CLANG_WARN_UNREACHABLE_CODE</key>
				<string>YES</string>
				<key>CLANG_WARN__DUPLICATE_METHOD_MATCH</key>
				<string>YES</string>
				<key>CODE_SIGN_IDENTITY[sdk=iphoneos*]</key>
				<string>iPhone Developer</string>
				<key>COPY_PHASE_STRIP</key>
				<string>NO</string>
				<key>DEBUG_INFORMATION_FORMAT</key>
				<string>dwarf</string>
				<key>ENABLE_STRICT_OBJC_MSGSEND</key>
				<string>YES</string>
				<key>ENABLE_TESTABILITY</key>
				<string>YES</string>
				<key>GCC_C_LANGUAGE_STANDARD</key>
				<string>gnu99</string>
				<key>GCC_DYNAMIC_NO_PIC</key>
				<string>NO</string>
				<key>GCC_NO_COMMON_BLOCKS</key>
				<string>YES</string>
				<key>GCC_OPTIMIZATION_LEVEL</key>
				<string>0</string>
				<key>GCC_PREPROCESSOR_DEFINITIONS</key>
				<array>
					<string>DEBUG=1</string>
					<string>$(inherited)</string>
				</array>
				<key>GCC_WARN_64_TO_32_BIT_CONVERSION</key>
				<string>YES</string>
				<key>GCC_WARN_ABOUT_RETURN_TYPE</key>
				<string>YES_ERROR</string>
				<key>GCC_WARN_UNDECLARED_SELECTOR</key>
				<string>YES</string>
				<key>GCC_WARN_UNINITIALIZED_AUTOS</key>
				<string>YES_AGGRESSIVE</string>
				<key>GCC_WARN_UNUSED_FUNCTION</key>
				<string>YES</string>
				<key>GCC_WARN_UNUSED_VARIABLE</key>
				<string>YES</string>
				<key>IPHONEOS_DEPLOYMENT_TARGET</key>
				<string>10.1</string>
				<key>MTL_ENABLE_DEBUG_INFO</key>
				<string>YES</string>
				<key>ONLY_ACTIVE_ARCH</key>
				<string>YES</string>
				<key>SDKROOT</key>
				<string>iphoneos</string>
				<key>TARGETED_DEVICE_FAMILY</key>
				<string>1,2</string>
			</dict>
			<key>isa</key>
			<string>XCBuildConfiguration</string>
			<key>name</key>
			<string>Debug</string>
		</dict>
		<key>FB9772B81DD084810033B64E</key>
		<dict>
			<key>buildSettings</key>
			<dict>
				<key>ALWAYS_SEARCH_USER_PATHS</key>
				<string>NO</string>
				<key>CLANG_ANALYZER_NONNULL</key>
				<string>YES</string>
				<key>CLANG_CXX_LANGUAGE_STANDARD</key>
				<string>gnu++0x</string>
				<key>CLANG_CXX_LIBRARY</key>
				<string>libc++</string>
				<key>CLANG_ENABLE_MODULES</key>
				<string>YES</string>
				<key>CLANG_ENABLE_OBJC_ARC</key>
				<string>YES</string>
				<key>CLANG_WARN_BOOL_CONVERSION</key>
				<string>YES</string>
				<key>CLANG_WARN_CONSTANT_CONVERSION</key>
				<string>YES</string>
				<key>CLANG_WARN_DIRECT_OBJC_ISA_USAGE</key>
				<string>YES_ERROR</string>
				<key>CLANG_WARN_DOCUMENTATION_COMMENTS</key>
				<string>YES</string>
				<key>CLANG_WARN_EMPTY_BODY</key>
				<string>YES</string>
				<key>CLANG_WARN_ENUM_CONVERSION</key>
				<string>YES</string>
				<key>CLANG_WARN_INFINITE_RECURSION</key>
				<string>YES</string>
				<key>CLANG_WARN_INT_CONVERSION</key>
				<string>YES</string>
				<key>CLANG_WARN_OBJC_ROOT_CLASS</key>
				<string>YES_ERROR</string>
				<key>CLANG_WARN_SUSPICIOUS_MOVE</key>
				<string>YES</string>
				<key>CLANG_WARN_SUSPICIOUS_MOVES</key>
				<string>YES</string>
				<key>CLANG_WARN_UNREACHABLE_CODE</key>
				<string>YES</string>
				<key>CLANG_WARN__DUPLICATE_METHOD_MATCH</key>
				<string>YES</string>
				<key>CODE_SIGN_IDENTITY[sdk=iphoneos*]</key>
				<string>iPhone Developer</string>
				<key>COPY_PHASE_STRIP</key>
				<string>NO</string>
				<key>DEBUG_INFORMATION_FORMAT</key>
				<string>dwarf-with-dsym</string>
				<key>ENABLE_NS_ASSERTIONS</key>
				<string>NO</string>
				<key>ENABLE_STRICT_OBJC_MSGSEND</key>
				<string>YES</string>
				<key>GCC_C_LANGUAGE_STANDARD</key>
				<string>gnu99</string>
				<key>GCC_NO_COMMON_BLOCKS</key>
				<string>YES</string>
				<key>GCC_WARN_64_TO_32_BIT_CONVERSION</key>
				<string>YES</string>
				<key>GCC_WARN_ABOUT_RETURN_TYPE</key>
				<string>YES_ERROR</string>
				<key>GCC_WARN_UNDECLARED_SELECTOR</key>
				<string>YES</string>
				<key>GCC_WARN_UNINITIALIZED_AUTOS</key>
				<string>YES_AGGRESSIVE</string>
				<key>GCC_WARN_UNUSED_FUNCTION</key>
				<string>YES</string>
				<key>GCC_WARN_UNUSED_VARIABLE</key>
				<string>YES</string>
				<key>IPHONEOS_DEPLOYMENT_TARGET</key>
				<string>10.1</string>
				<key>MTL_ENABLE_DEBUG_INFO</key>
				<string>NO</string>
				<key>SDKROOT</key>
				<string>iphoneos</string>
				<key>TARGETED_DEVICE_FAMILY</key>
				<string>1,2</string>
				<key>VALIDATE_PRODUCT</key>
				<string>YES</string>
			</dict>
			<key>isa</key>
			<string>XCBuildConfiguration</string>
			<key>name</key>
			<string>Release</string>
		</dict>
		<key>FB9772B91DD084810033B64E</key>
		<dict>
			<key>buildConfigurations</key>
			<array>
				<string>FB9772BA1DD084810033B64E</string>
				<string>FB9772BB1DD084810033B64E</string>
			</array>
			<key>defaultConfigurationIsVisible</key>
			<string>0</string>
			<key>defaultConfigurationName</key>
			<string>Release</string>
			<key>isa</key>
			<string>XCConfigurationList</string>
		</dict>
		<key>FB9772BA1DD084810033B64E</key>
		<dict>
			<key>baseConfigurationReference</key>
			<string>E601FB559F10C971378CE700</string>
			<key>buildSettings</key>
			<dict>
				<key>ASSETCATALOG_COMPILER_APPICON_NAME</key>
				<string>AppIcon</string>
				<key>DEVELOPMENT_TEAM</key>
				<string>Z6MDUXH66B</string>
				<key>INFOPLIST_FILE</key>
				<string>VKWallReader/Info.plist</string>
				<key>IPHONEOS_DEPLOYMENT_TARGET</key>
				<string>9.0</string>
				<key>LD_RUNPATH_SEARCH_PATHS</key>
				<string>$(inherited) @executable_path/Frameworks</string>
				<key>PRODUCT_BUNDLE_IDENTIFIER</key>
				<string>com.nvv.VKWallReader</string>
				<key>PRODUCT_NAME</key>
				<string>$(TARGET_NAME)</string>
			</dict>
			<key>isa</key>
			<string>XCBuildConfiguration</string>
			<key>name</key>
			<string>Debug</string>
		</dict>
		<key>FB9772BB1DD084810033B64E</key>
		<dict>
			<key>baseConfigurationReference</key>
			<string>564A3B0949A1DEBD623C53BA</string>
			<key>buildSettings</key>
			<dict>
				<key>ASSETCATALOG_COMPILER_APPICON_NAME</key>
				<string>AppIcon</string>
				<key>DEVELOPMENT_TEAM</key>
				<string>Z6MDUXH66B</string>
				<key>INFOPLIST_FILE</key>
				<string>VKWallReader/Info.plist</string>
				<key>IPHONEOS_DEPLOYMENT_TARGET</key>
				<string>9.0</string>
				<key>LD_RUNPATH_SEARCH_PATHS</key>
				<string>$(inherited) @executable_path/Frameworks</string>
				<key>PRODUCT_BUNDLE_IDENTIFIER</key>
				<string>com.nvv.VKWallReader</string>
				<key>PRODUCT_NAME</key>
				<string>$(TARGET_NAME)</string>
			</dict>
			<key>isa</key>
			<string>XCBuildConfiguration</string>
			<key>name</key>
			<string>Release</string>
		</dict>
		<key>FB9772BC1DD084810033B64E</key>
		<dict>
			<key>buildConfigurations</key>
			<array>
				<string>FB9772BD1DD084810033B64E</string>
				<string>FB9772BE1DD084810033B64E</string>
			</array>
			<key>defaultConfigurationIsVisible</key>
			<string>0</string>
			<key>defaultConfigurationName</key>
			<string>Release</string>
			<key>isa</key>
			<string>XCConfigurationList</string>
		</dict>
		<key>FB9772BD1DD084810033B64E</key>
		<dict>
			<key>baseConfigurationReference</key>
			<string>B5FB1A13571CF619A5855A47</string>
			<key>buildSettings</key>
			<dict>
				<key>BUNDLE_LOADER</key>
				<string>$(TEST_HOST)</string>
				<key>DEVELOPMENT_TEAM</key>
				<string>Z6MDUXH66B</string>
				<key>INFOPLIST_FILE</key>
				<string>VKWallReaderTests/Info.plist</string>
				<key>LD_RUNPATH_SEARCH_PATHS</key>
				<string>$(inherited) @executable_path/Frameworks @loader_path/Frameworks</string>
				<key>PRODUCT_BUNDLE_IDENTIFIER</key>
				<string>com.nvv.VKWallReaderTests</string>
				<key>PRODUCT_NAME</key>
				<string>$(TARGET_NAME)</string>
				<key>TEST_HOST</key>
				<string>$(BUILT_PRODUCTS_DIR)/VKWallReader.app/VKWallReader</string>
			</dict>
			<key>isa</key>
			<string>XCBuildConfiguration</string>
			<key>name</key>
			<string>Debug</string>
		</dict>
		<key>FB9772BE1DD084810033B64E</key>
		<dict>
			<key>baseConfigurationReference</key>
			<string>006501C500AD838318B6DECF</string>
			<key>buildSettings</key>
			<dict>
				<key>BUNDLE_LOADER</key>
				<string>$(TEST_HOST)</string>
				<key>DEVELOPMENT_TEAM</key>
				<string>Z6MDUXH66B</string>
				<key>INFOPLIST_FILE</key>
				<string>VKWallReaderTests/Info.plist</string>
				<key>LD_RUNPATH_SEARCH_PATHS</key>
				<string>$(inherited) @executable_path/Frameworks @loader_path/Frameworks</string>
				<key>PRODUCT_BUNDLE_IDENTIFIER</key>
				<string>com.nvv.VKWallReaderTests</string>
				<key>PRODUCT_NAME</key>
				<string>$(TARGET_NAME)</string>
				<key>TEST_HOST</key>
				<string>$(BUILT_PRODUCTS_DIR)/VKWallReader.app/VKWallReader</string>
			</dict>
			<key>isa</key>
			<string>XCBuildConfiguration</string>
			<key>name</key>
			<string>Release</string>
		</dict>
		<key>FB9772BF1DD08D820033B64E</key>
		<dict>
			<key>children</key>
			<array/>
			<key>isa</key>
			<string>PBXGroup</string>
			<key>path</key>
			<string>Resources</string>
			<key>sourceTree</key>
			<string>&lt;group&gt;</string>
		</dict>
		<key>FB9772C01DD08D820033B64E</key>
		<dict>
			<key>children</key>
			<array>
				<string>FB8C8D151DD1E211008A7995</string>
				<string>FB9915B61DD44F93006ABF1C</string>
			</array>
			<key>isa</key>
			<string>PBXGroup</string>
			<key>path</key>
			<string>Scenes</string>
			<key>sourceTree</key>
			<string>&lt;group&gt;</string>
		</dict>
		<key>FB9772C11DD08D820033B64E</key>
		<dict>
			<key>children</key>
			<array>
				<string>FBD46E191DD2F4790084EE09</string>
			</array>
			<key>isa</key>
			<string>PBXGroup</string>
			<key>path</key>
			<string>Services</string>
			<key>sourceTree</key>
			<string>&lt;group&gt;</string>
		</dict>
		<key>FB9772C21DD08D820033B64E</key>
		<dict>
			<key>children</key>
			<array>
				<string>FB8C8D391DD1E21E008A7995</string>
			</array>
			<key>isa</key>
			<string>PBXGroup</string>
			<key>path</key>
			<string>Storyboards</string>
			<key>sourceTree</key>
			<string>&lt;group&gt;</string>
		</dict>
		<key>FB9772C31DD08D820033B64E</key>
		<dict>
			<key>children</key>
			<array>
				<string>FBD46E901DD2F60A0084EE09</string>
				<string>FBA1EDFB1DD1FB87003F56ED</string>
			</array>
			<key>isa</key>
			<string>PBXGroup</string>
			<key>path</key>
			<string>Utils</string>
			<key>sourceTree</key>
			<string>&lt;group&gt;</string>
		</dict>
		<key>FB9772C81DD08D820033B64E</key>
		<dict>
			<key>children</key>
			<array>
				<string>FB3DE1061DD33AAB0048E494</string>
				<string>FB3DE1071DD33AAB0048E494</string>
				<string>FB3DE10A1DD340850048E494</string>
				<string>FB3DE10B1DD340850048E494</string>
				<string>FB378D111DD4947E00CD8134</string>
				<string>FB378D121DD4947E00CD8134</string>
				<string>FB378D171DD4954300CD8134</string>
				<string>FB378D181DD4954300CD8134</string>
			</array>
			<key>isa</key>
			<string>PBXGroup</string>
			<key>path</key>
			<string>Workers</string>
			<key>sourceTree</key>
			<string>&lt;group&gt;</string>
		</dict>
		<key>FB9915B61DD44F93006ABF1C</key>
		<dict>
			<key>children</key>
			<array>
				<string>FB9915B71DD44F93006ABF1C</string>
				<string>FB9915BA1DD44F93006ABF1C</string>
				<string>FB9915BB1DD44F93006ABF1C</string>
				<string>FB9915BC1DD44F93006ABF1C</string>
				<string>FB9915C11DD44F93006ABF1C</string>
				<string>FB9915C61DD44F93006ABF1C</string>
				<string>FB9915CB1DD44F93006ABF1C</string>
				<string>FB9915CE1DD44F93006ABF1C</string>
			</array>
			<key>isa</key>
			<string>PBXGroup</string>
			<key>path</key>
			<string>GroupWall</string>
			<key>sourceTree</key>
			<string>&lt;group&gt;</string>
		</dict>
		<key>FB9915B71DD44F93006ABF1C</key>
		<dict>
			<key>children</key>
			<array>
				<string>FB9915B81DD44F93006ABF1C</string>
				<string>FB9915B91DD44F93006ABF1C</string>
			</array>
			<key>isa</key>
			<string>PBXGroup</string>
			<key>path</key>
			<string>Assembly</string>
			<key>sourceTree</key>
			<string>&lt;group&gt;</string>
		</dict>
		<key>FB9915B81DD44F93006ABF1C</key>
		<dict>
			<key>fileEncoding</key>
			<string>4</string>
			<key>isa</key>
			<string>PBXFileReference</string>
			<key>lastKnownFileType</key>
			<string>sourcecode.c.h</string>
			<key>path</key>
			<string>GroupWallAssembly.h</string>
			<key>sourceTree</key>
			<string>&lt;group&gt;</string>
		</dict>
		<key>FB9915B91DD44F93006ABF1C</key>
		<dict>
			<key>fileEncoding</key>
			<string>4</string>
			<key>isa</key>
			<string>PBXFileReference</string>
			<key>lastKnownFileType</key>
			<string>sourcecode.c.objc</string>
			<key>path</key>
			<string>GroupWallAssembly.m</string>
			<key>sourceTree</key>
			<string>&lt;group&gt;</string>
		</dict>
		<key>FB9915BA1DD44F93006ABF1C</key>
		<dict>
			<key>fileEncoding</key>
			<string>4</string>
			<key>isa</key>
			<string>PBXFileReference</string>
			<key>lastKnownFileType</key>
			<string>sourcecode.c.h</string>
			<key>path</key>
			<string>GroupWallInput.h</string>
			<key>sourceTree</key>
			<string>&lt;group&gt;</string>
		</dict>
		<key>FB9915BB1DD44F93006ABF1C</key>
		<dict>
			<key>fileEncoding</key>
			<string>4</string>
			<key>isa</key>
			<string>PBXFileReference</string>
			<key>lastKnownFileType</key>
			<string>sourcecode.c.h</string>
			<key>path</key>
			<string>GroupWallOutput.h</string>
			<key>sourceTree</key>
			<string>&lt;group&gt;</string>
		</dict>
		<key>FB9915BC1DD44F93006ABF1C</key>
		<dict>
			<key>children</key>
			<array>
				<string>FB9915BD1DD44F93006ABF1C</string>
				<string>FB9915BE1DD44F93006ABF1C</string>
				<string>FB9915BF1DD44F93006ABF1C</string>
				<string>FB9915C01DD44F93006ABF1C</string>
			</array>
			<key>isa</key>
			<string>PBXGroup</string>
			<key>path</key>
			<string>Interactor</string>
			<key>sourceTree</key>
			<string>&lt;group&gt;</string>
		</dict>
		<key>FB9915BD1DD44F93006ABF1C</key>
		<dict>
			<key>fileEncoding</key>
			<string>4</string>
			<key>isa</key>
			<string>PBXFileReference</string>
			<key>lastKnownFileType</key>
			<string>sourcecode.c.h</string>
			<key>path</key>
			<string>GroupWallInteractor.h</string>
			<key>sourceTree</key>
			<string>&lt;group&gt;</string>
		</dict>
		<key>FB9915BE1DD44F93006ABF1C</key>
		<dict>
			<key>fileEncoding</key>
			<string>4</string>
			<key>isa</key>
			<string>PBXFileReference</string>
			<key>lastKnownFileType</key>
			<string>sourcecode.c.objc</string>
			<key>path</key>
			<string>GroupWallInteractor.m</string>
			<key>sourceTree</key>
			<string>&lt;group&gt;</string>
		</dict>
		<key>FB9915BF1DD44F93006ABF1C</key>
		<dict>
			<key>fileEncoding</key>
			<string>4</string>
			<key>isa</key>
			<string>PBXFileReference</string>
			<key>lastKnownFileType</key>
			<string>sourcecode.c.h</string>
			<key>path</key>
			<string>GroupWallInteractorInput.h</string>
			<key>sourceTree</key>
			<string>&lt;group&gt;</string>
		</dict>
		<key>FB9915C01DD44F93006ABF1C</key>
		<dict>
			<key>fileEncoding</key>
			<string>4</string>
			<key>isa</key>
			<string>PBXFileReference</string>
			<key>lastKnownFileType</key>
			<string>sourcecode.c.h</string>
			<key>path</key>
			<string>GroupWallInteractorOutput.h</string>
			<key>sourceTree</key>
			<string>&lt;group&gt;</string>
		</dict>
		<key>FB9915C11DD44F93006ABF1C</key>
		<dict>
			<key>children</key>
			<array>
				<string>FB9915C21DD44F93006ABF1C</string>
				<string>FB9915C31DD44F93006ABF1C</string>
				<string>FB9915C41DD44F93006ABF1C</string>
				<string>FB9915C51DD44F93006ABF1C</string>
			</array>
			<key>isa</key>
			<string>PBXGroup</string>
			<key>path</key>
			<string>Models</string>
			<key>sourceTree</key>
			<string>&lt;group&gt;</string>
		</dict>
		<key>FB9915C21DD44F93006ABF1C</key>
		<dict>
			<key>fileEncoding</key>
			<string>4</string>
			<key>isa</key>
			<string>PBXFileReference</string>
			<key>lastKnownFileType</key>
			<string>sourcecode.c.h</string>
			<key>path</key>
			<string>GroupWallInputData.h</string>
			<key>sourceTree</key>
			<string>&lt;group&gt;</string>
		</dict>
		<key>FB9915C31DD44F93006ABF1C</key>
		<dict>
			<key>fileEncoding</key>
			<string>4</string>
			<key>isa</key>
			<string>PBXFileReference</string>
			<key>lastKnownFileType</key>
			<string>sourcecode.c.objc</string>
			<key>path</key>
			<string>GroupWallInputData.m</string>
			<key>sourceTree</key>
			<string>&lt;group&gt;</string>
		</dict>
		<key>FB9915C41DD44F93006ABF1C</key>
		<dict>
			<key>fileEncoding</key>
			<string>4</string>
			<key>isa</key>
			<string>PBXFileReference</string>
			<key>lastKnownFileType</key>
			<string>sourcecode.c.h</string>
			<key>path</key>
			<string>GroupWallModels.h</string>
			<key>sourceTree</key>
			<string>&lt;group&gt;</string>
		</dict>
		<key>FB9915C51DD44F93006ABF1C</key>
		<dict>
			<key>fileEncoding</key>
			<string>4</string>
			<key>isa</key>
			<string>PBXFileReference</string>
			<key>lastKnownFileType</key>
			<string>sourcecode.c.objc</string>
			<key>path</key>
			<string>GroupWallModels.m</string>
			<key>sourceTree</key>
			<string>&lt;group&gt;</string>
		</dict>
		<key>FB9915C61DD44F93006ABF1C</key>
		<dict>
			<key>children</key>
			<array>
				<string>FB9915C71DD44F93006ABF1C</string>
				<string>FB9915C81DD44F93006ABF1C</string>
				<string>FB9915C91DD44F93006ABF1C</string>
				<string>FB9915CA1DD44F93006ABF1C</string>
			</array>
			<key>isa</key>
			<string>PBXGroup</string>
			<key>path</key>
			<string>Presenter</string>
			<key>sourceTree</key>
			<string>&lt;group&gt;</string>
		</dict>
		<key>FB9915C71DD44F93006ABF1C</key>
		<dict>
			<key>fileEncoding</key>
			<string>4</string>
			<key>isa</key>
			<string>PBXFileReference</string>
			<key>lastKnownFileType</key>
			<string>sourcecode.c.h</string>
			<key>path</key>
			<string>GroupWallPresenter.h</string>
			<key>sourceTree</key>
			<string>&lt;group&gt;</string>
		</dict>
		<key>FB9915C81DD44F93006ABF1C</key>
		<dict>
			<key>fileEncoding</key>
			<string>4</string>
			<key>isa</key>
			<string>PBXFileReference</string>
			<key>lastKnownFileType</key>
			<string>sourcecode.c.objc</string>
			<key>path</key>
			<string>GroupWallPresenter.m</string>
			<key>sourceTree</key>
			<string>&lt;group&gt;</string>
		</dict>
		<key>FB9915C91DD44F93006ABF1C</key>
		<dict>
			<key>fileEncoding</key>
			<string>4</string>
			<key>isa</key>
			<string>PBXFileReference</string>
			<key>lastKnownFileType</key>
			<string>sourcecode.c.h</string>
			<key>path</key>
			<string>GroupWallPresenterInput.h</string>
			<key>sourceTree</key>
			<string>&lt;group&gt;</string>
		</dict>
		<key>FB9915CA1DD44F93006ABF1C</key>
		<dict>
			<key>fileEncoding</key>
			<string>4</string>
			<key>isa</key>
			<string>PBXFileReference</string>
			<key>lastKnownFileType</key>
			<string>sourcecode.c.h</string>
			<key>path</key>
			<string>GroupWallPresenterOutput.h</string>
			<key>sourceTree</key>
			<string>&lt;group&gt;</string>
		</dict>
		<key>FB9915CB1DD44F93006ABF1C</key>
		<dict>
			<key>children</key>
			<array>
				<string>FB9915CC1DD44F93006ABF1C</string>
				<string>FB9915CD1DD44F93006ABF1C</string>
			</array>
			<key>isa</key>
			<string>PBXGroup</string>
			<key>path</key>
			<string>Router</string>
			<key>sourceTree</key>
			<string>&lt;group&gt;</string>
		</dict>
		<key>FB9915CC1DD44F93006ABF1C</key>
		<dict>
			<key>fileEncoding</key>
			<string>4</string>
			<key>isa</key>
			<string>PBXFileReference</string>
			<key>lastKnownFileType</key>
			<string>sourcecode.c.h</string>
			<key>path</key>
			<string>GroupWallRouter.h</string>
			<key>sourceTree</key>
			<string>&lt;group&gt;</string>
		</dict>
		<key>FB9915CD1DD44F93006ABF1C</key>
		<dict>
			<key>fileEncoding</key>
			<string>4</string>
			<key>isa</key>
			<string>PBXFileReference</string>
			<key>lastKnownFileType</key>
			<string>sourcecode.c.objc</string>
			<key>path</key>
			<string>GroupWallRouter.m</string>
			<key>sourceTree</key>
			<string>&lt;group&gt;</string>
		</dict>
		<key>FB9915CE1DD44F93006ABF1C</key>
		<dict>
			<key>children</key>
			<array>
				<string>FB378CFC1DD47E2000CD8134</string>
				<string>FB9915CF1DD44F93006ABF1C</string>
				<string>FB9915D01DD44F93006ABF1C</string>
				<string>FB9915D11DD44F93006ABF1C</string>
				<string>FB9915D21DD44F93006ABF1C</string>
			</array>
			<key>isa</key>
			<string>PBXGroup</string>
			<key>path</key>
			<string>ViewController</string>
			<key>sourceTree</key>
			<string>&lt;group&gt;</string>
		</dict>
		<key>FB9915CF1DD44F93006ABF1C</key>
		<dict>
			<key>fileEncoding</key>
			<string>4</string>
			<key>isa</key>
			<string>PBXFileReference</string>
			<key>lastKnownFileType</key>
			<string>sourcecode.c.h</string>
			<key>path</key>
			<string>GroupWallViewController.h</string>
			<key>sourceTree</key>
			<string>&lt;group&gt;</string>
		</dict>
		<key>FB9915D01DD44F93006ABF1C</key>
		<dict>
			<key>fileEncoding</key>
			<string>4</string>
			<key>isa</key>
			<string>PBXFileReference</string>
			<key>lastKnownFileType</key>
			<string>sourcecode.c.objc</string>
			<key>path</key>
			<string>GroupWallViewController.m</string>
			<key>sourceTree</key>
			<string>&lt;group&gt;</string>
		</dict>
		<key>FB9915D11DD44F93006ABF1C</key>
		<dict>
			<key>fileEncoding</key>
			<string>4</string>
			<key>isa</key>
			<string>PBXFileReference</string>
			<key>lastKnownFileType</key>
			<string>sourcecode.c.h</string>
			<key>path</key>
			<string>GroupWallViewControllerInput.h</string>
			<key>sourceTree</key>
			<string>&lt;group&gt;</string>
		</dict>
		<key>FB9915D21DD44F93006ABF1C</key>
		<dict>
			<key>fileEncoding</key>
			<string>4</string>
			<key>isa</key>
			<string>PBXFileReference</string>
			<key>lastKnownFileType</key>
			<string>sourcecode.c.h</string>
			<key>path</key>
			<string>GroupWallViewControllerOutput.h</string>
			<key>sourceTree</key>
			<string>&lt;group&gt;</string>
		</dict>
		<key>FB9915D31DD44F93006ABF1C</key>
		<dict>
			<key>fileRef</key>
			<string>FB9915B91DD44F93006ABF1C</string>
			<key>isa</key>
			<string>PBXBuildFile</string>
		</dict>
		<key>FB9915D41DD44F93006ABF1C</key>
		<dict>
			<key>fileRef</key>
			<string>FB9915BE1DD44F93006ABF1C</string>
			<key>isa</key>
			<string>PBXBuildFile</string>
		</dict>
		<key>FB9915D51DD44F93006ABF1C</key>
		<dict>
			<key>fileRef</key>
			<string>FB9915C31DD44F93006ABF1C</string>
			<key>isa</key>
			<string>PBXBuildFile</string>
		</dict>
		<key>FB9915D61DD44F93006ABF1C</key>
		<dict>
			<key>fileRef</key>
			<string>FB9915C51DD44F93006ABF1C</string>
			<key>isa</key>
			<string>PBXBuildFile</string>
		</dict>
		<key>FB9915D71DD44F93006ABF1C</key>
		<dict>
			<key>fileRef</key>
			<string>FB9915C81DD44F93006ABF1C</string>
			<key>isa</key>
			<string>PBXBuildFile</string>
		</dict>
		<key>FB9915D81DD44F93006ABF1C</key>
		<dict>
			<key>fileRef</key>
			<string>FB9915CD1DD44F93006ABF1C</string>
			<key>isa</key>
			<string>PBXBuildFile</string>
		</dict>
		<key>FB9915D91DD44F93006ABF1C</key>
		<dict>
			<key>fileRef</key>
			<string>FB9915D01DD44F93006ABF1C</string>
			<key>isa</key>
			<string>PBXBuildFile</string>
		</dict>
		<key>FBA1EDED1DD1EB06003F56ED</key>
		<dict>
			<key>children</key>
			<array>
				<string>FB3DE1101DD344770048E494</string>
				<string>FBA1EDF41DD1EB82003F56ED</string>
			</array>
			<key>isa</key>
			<string>PBXGroup</string>
			<key>path</key>
			<string>Models</string>
			<key>sourceTree</key>
			<string>&lt;group&gt;</string>
		</dict>
		<key>FBA1EDF41DD1EB82003F56ED</key>
		<dict>
			<key>children</key>
			<array>
				<string>FB378D041DD492D000CD8134</string>
				<string>FBA1EDF51DD1EB8B003F56ED</string>
				<string>FB3DE10D1DD341F60048E494</string>
				<string>FB3DE10E1DD341F60048E494</string>
				<string>FB378D011DD4926E00CD8134</string>
				<string>FB378D021DD4926E00CD8134</string>
			</array>
			<key>isa</key>
			<string>PBXGroup</string>
			<key>path</key>
			<string>CoreData</string>
			<key>sourceTree</key>
			<string>&lt;group&gt;</string>
		</dict>
		<key>FBA1EDF51DD1EB8B003F56ED</key>
		<dict>
			<key>children</key>
			<array>
				<string>FBA1EDF61DD1EB8B003F56ED</string>
			</array>
			<key>currentVersion</key>
			<string>FBA1EDF61DD1EB8B003F56ED</string>
			<key>isa</key>
			<string>XCVersionGroup</string>
			<key>path</key>
			<string>VKWallReader.xcdatamodeld</string>
			<key>sourceTree</key>
			<string>&lt;group&gt;</string>
			<key>versionGroupType</key>
			<string>wrapper.xcdatamodel</string>
		</dict>
		<key>FBA1EDF61DD1EB8B003F56ED</key>
		<dict>
			<key>isa</key>
			<string>PBXFileReference</string>
			<key>lastKnownFileType</key>
			<string>wrapper.xcdatamodel</string>
			<key>path</key>
			<string>VKWallReader.xcdatamodel</string>
			<key>sourceTree</key>
			<string>&lt;group&gt;</string>
		</dict>
		<key>FBA1EDF71DD1EB8B003F56ED</key>
		<dict>
			<key>fileRef</key>
			<string>FBA1EDF51DD1EB8B003F56ED</string>
			<key>isa</key>
			<string>PBXBuildFile</string>
		</dict>
		<key>FBA1EDFB1DD1FB87003F56ED</key>
		<dict>
			<key>children</key>
			<array>
				<string>FBA1EDFC1DD1FB87003F56ED</string>
				<string>FBA1EDFD1DD1FB87003F56ED</string>
				<string>FBA1EDFE1DD1FB87003F56ED</string>
				<string>FBA1EDFF1DD1FB87003F56ED</string>
			</array>
			<key>isa</key>
			<string>PBXGroup</string>
			<key>path</key>
			<string>Categories</string>
			<key>sourceTree</key>
			<string>&lt;group&gt;</string>
		</dict>
		<key>FBA1EDFC1DD1FB87003F56ED</key>
		<dict>
			<key>fileEncoding</key>
			<string>4</string>
			<key>isa</key>
			<string>PBXFileReference</string>
			<key>lastKnownFileType</key>
			<string>sourcecode.c.h</string>
			<key>path</key>
			<string>NSThread+MainThread.h</string>
			<key>sourceTree</key>
			<string>&lt;group&gt;</string>
		</dict>
		<key>FBA1EDFD1DD1FB87003F56ED</key>
		<dict>
			<key>fileEncoding</key>
			<string>4</string>
			<key>isa</key>
			<string>PBXFileReference</string>
			<key>lastKnownFileType</key>
			<string>sourcecode.c.objc</string>
			<key>path</key>
			<string>NSThread+MainThread.m</string>
			<key>sourceTree</key>
			<string>&lt;group&gt;</string>
		</dict>
		<key>FBA1EDFE1DD1FB87003F56ED</key>
		<dict>
			<key>fileEncoding</key>
			<string>4</string>
			<key>isa</key>
			<string>PBXFileReference</string>
			<key>lastKnownFileType</key>
			<string>sourcecode.c.h</string>
			<key>path</key>
			<string>UIColor+hex.h</string>
			<key>sourceTree</key>
			<string>&lt;group&gt;</string>
		</dict>
		<key>FBA1EDFF1DD1FB87003F56ED</key>
		<dict>
			<key>fileEncoding</key>
			<string>4</string>
			<key>isa</key>
			<string>PBXFileReference</string>
			<key>lastKnownFileType</key>
			<string>sourcecode.c.objc</string>
			<key>path</key>
			<string>UIColor+hex.m</string>
			<key>sourceTree</key>
			<string>&lt;group&gt;</string>
		</dict>
		<key>FBA1EE011DD1FB87003F56ED</key>
		<dict>
			<key>fileRef</key>
			<string>FBA1EDFD1DD1FB87003F56ED</string>
			<key>isa</key>
			<string>PBXBuildFile</string>
		</dict>
		<key>FBA1EE021DD1FB87003F56ED</key>
		<dict>
			<key>fileRef</key>
			<string>FBA1EDFF1DD1FB87003F56ED</string>
			<key>isa</key>
			<string>PBXBuildFile</string>
		</dict>
		<key>FBA1EE061DD2033B003F56ED</key>
		<dict>
			<key>children</key>
			<array>
				<string>FBA1EE071DD2035D003F56ED</string>
				<string>FBA1EE081DD2035D003F56ED</string>
			</array>
			<key>isa</key>
			<string>PBXGroup</string>
			<key>path</key>
			<string>Views</string>
			<key>sourceTree</key>
			<string>&lt;group&gt;</string>
		</dict>
		<key>FBA1EE071DD2035D003F56ED</key>
		<dict>
			<key>fileEncoding</key>
			<string>4</string>
			<key>isa</key>
			<string>PBXFileReference</string>
			<key>lastKnownFileType</key>
			<string>sourcecode.c.h</string>
			<key>path</key>
			<string>GroupDetailsCell.h</string>
			<key>sourceTree</key>
			<string>&lt;group&gt;</string>
		</dict>
		<key>FBA1EE081DD2035D003F56ED</key>
		<dict>
			<key>fileEncoding</key>
			<string>4</string>
			<key>isa</key>
			<string>PBXFileReference</string>
			<key>lastKnownFileType</key>
			<string>sourcecode.c.objc</string>
			<key>path</key>
			<string>GroupDetailsCell.m</string>
			<key>sourceTree</key>
			<string>&lt;group&gt;</string>
		</dict>
		<key>FBA1EE091DD2035D003F56ED</key>
		<dict>
			<key>fileRef</key>
			<string>FBA1EE081DD2035D003F56ED</string>
			<key>isa</key>
			<string>PBXBuildFile</string>
		</dict>
		<key>FBD46E191DD2F4790084EE09</key>
		<dict>
			<key>children</key>
			<array>
				<string>FBD46E1A1DD2F4790084EE09</string>
				<string>FBD46E651DD2F4790084EE09</string>
			</array>
			<key>isa</key>
			<string>PBXGroup</string>
			<key>path</key>
			<string>NetworkService</string>
			<key>sourceTree</key>
			<string>&lt;group&gt;</string>
		</dict>
		<key>FBD46E1A1DD2F4790084EE09</key>
		<dict>
			<key>children</key>
			<array>
				<string>FBD46E311DD2F4790084EE09</string>
				<string>FBD46E1B1DD2F4790084EE09</string>
				<string>FBD46E941DD2F6E70084EE09</string>
				<string>FBD46E501DD2F4790084EE09</string>
			</array>
			<key>isa</key>
			<string>PBXGroup</string>
			<key>path</key>
			<string>NetworkTasks</string>
			<key>sourceTree</key>
			<string>&lt;group&gt;</string>
		</dict>
		<key>FBD46E1B1DD2F4790084EE09</key>
		<dict>
			<key>children</key>
			<array>
				<string>FBD46E1C1DD2F4790084EE09</string>
				<string>FBD46E1D1DD2F4790084EE09</string>
				<string>FBD46E1E1DD2F4790084EE09</string>
				<string>FBD46E1F1DD2F4790084EE09</string>
				<string>FBD46E261DD2F4790084EE09</string>
				<string>FBD46E271DD2F4790084EE09</string>
			</array>
			<key>isa</key>
			<string>PBXGroup</string>
			<key>path</key>
			<string>BaseNetworkTask</string>
			<key>sourceTree</key>
			<string>&lt;group&gt;</string>
		</dict>
		<key>FBD46E1C1DD2F4790084EE09</key>
		<dict>
			<key>fileEncoding</key>
			<string>4</string>
			<key>isa</key>
			<string>PBXFileReference</string>
			<key>lastKnownFileType</key>
			<string>sourcecode.c.h</string>
			<key>path</key>
			<string>BaseNetworkTask.h</string>
			<key>sourceTree</key>
			<string>&lt;group&gt;</string>
		</dict>
		<key>FBD46E1D1DD2F4790084EE09</key>
		<dict>
			<key>fileEncoding</key>
			<string>4</string>
			<key>isa</key>
			<string>PBXFileReference</string>
			<key>lastKnownFileType</key>
			<string>sourcecode.c.objc</string>
			<key>path</key>
			<string>BaseNetworkTask.m</string>
			<key>sourceTree</key>
			<string>&lt;group&gt;</string>
		</dict>
		<key>FBD46E1E1DD2F4790084EE09</key>
		<dict>
			<key>fileEncoding</key>
			<string>4</string>
			<key>isa</key>
			<string>PBXFileReference</string>
			<key>lastKnownFileType</key>
			<string>sourcecode.c.h</string>
			<key>path</key>
			<string>BaseNetworkTask_protected.h</string>
			<key>sourceTree</key>
			<string>&lt;group&gt;</string>
		</dict>
		<key>FBD46E1F1DD2F4790084EE09</key>
		<dict>
			<key>children</key>
			<array>
				<string>FBD46E201DD2F4790084EE09</string>
				<string>FBD46E211DD2F4790084EE09</string>
				<string>FBD46E221DD2F4790084EE09</string>
				<string>FBD46E231DD2F4790084EE09</string>
				<string>FBD46E241DD2F4790084EE09</string>
				<string>FBD46E251DD2F4790084EE09</string>
			</array>
			<key>isa</key>
			<string>PBXGroup</string>
			<key>path</key>
			<string>ParametersModel</string>
			<key>sourceTree</key>
			<string>&lt;group&gt;</string>
		</dict>
		<key>FBD46E201DD2F4790084EE09</key>
		<dict>
			<key>fileEncoding</key>
			<string>4</string>
			<key>isa</key>
			<string>PBXFileReference</string>
			<key>lastKnownFileType</key>
			<string>sourcecode.c.h</string>
			<key>path</key>
			<string>NetworkTaskParametersModel.h</string>
			<key>sourceTree</key>
			<string>&lt;group&gt;</string>
		</dict>
		<key>FBD46E211DD2F4790084EE09</key>
		<dict>
			<key>fileEncoding</key>
			<string>4</string>
			<key>isa</key>
			<string>PBXFileReference</string>
			<key>lastKnownFileType</key>
			<string>sourcecode.c.objc</string>
			<key>path</key>
			<string>NetworkTaskParametersModel.m</string>
			<key>sourceTree</key>
			<string>&lt;group&gt;</string>
		</dict>
		<key>FBD46E221DD2F4790084EE09</key>
		<dict>
			<key>fileEncoding</key>
			<string>4</string>
			<key>isa</key>
			<string>PBXFileReference</string>
			<key>lastKnownFileType</key>
			<string>sourcecode.c.h</string>
			<key>path</key>
			<string>NetworkTaskParameterValidationRule+Rules.h</string>
			<key>sourceTree</key>
			<string>&lt;group&gt;</string>
		</dict>
		<key>FBD46E231DD2F4790084EE09</key>
		<dict>
			<key>fileEncoding</key>
			<string>4</string>
			<key>isa</key>
			<string>PBXFileReference</string>
			<key>lastKnownFileType</key>
			<string>sourcecode.c.objc</string>
			<key>path</key>
			<string>NetworkTaskParameterValidationRule+Rules.m</string>
			<key>sourceTree</key>
			<string>&lt;group&gt;</string>
		</dict>
		<key>FBD46E241DD2F4790084EE09</key>
		<dict>
			<key>fileEncoding</key>
			<string>4</string>
			<key>isa</key>
			<string>PBXFileReference</string>
			<key>lastKnownFileType</key>
			<string>sourcecode.c.h</string>
			<key>path</key>
			<string>NetworkTaskParameterValidationRule.h</string>
			<key>sourceTree</key>
			<string>&lt;group&gt;</string>
		</dict>
		<key>FBD46E251DD2F4790084EE09</key>
		<dict>
			<key>fileEncoding</key>
			<string>4</string>
			<key>isa</key>
			<string>PBXFileReference</string>
			<key>lastKnownFileType</key>
			<string>sourcecode.c.objc</string>
			<key>path</key>
			<string>NetworkTaskParameterValidationRule.m</string>
			<key>sourceTree</key>
			<string>&lt;group&gt;</string>
		</dict>
		<key>FBD46E261DD2F4790084EE09</key>
		<dict>
			<key>fileEncoding</key>
			<string>4</string>
			<key>isa</key>
			<string>PBXFileReference</string>
			<key>lastKnownFileType</key>
			<string>sourcecode.c.h</string>
			<key>path</key>
			<string>TaskCancellationToken.h</string>
			<key>sourceTree</key>
			<string>&lt;group&gt;</string>
		</dict>
		<key>FBD46E271DD2F4790084EE09</key>
		<dict>
			<key>fileEncoding</key>
			<string>4</string>
			<key>isa</key>
			<string>PBXFileReference</string>
			<key>lastKnownFileType</key>
			<string>sourcecode.c.objc</string>
			<key>path</key>
			<string>TaskCancellationToken.m</string>
			<key>sourceTree</key>
			<string>&lt;group&gt;</string>
		</dict>
		<key>FBD46E311DD2F4790084EE09</key>
		<dict>
			<key>children</key>
			<array>
				<string>FBD46E981DD2F7300084EE09</string>
				<string>FBD46E991DD2F7300084EE09</string>
				<string>FBD46EA71DD30BA70084EE09</string>
				<string>FBD46EA81DD30BA70084EE09</string>
				<string>FBD46E9E1DD2F8A60084EE09</string>
				<string>FBD46E9F1DD2F8A60084EE09</string>
				<string>FBD46EA11DD2F8B00084EE09</string>
				<string>FBD46EA21DD2F8B00084EE09</string>
			</array>
			<key>isa</key>
			<string>PBXGroup</string>
			<key>path</key>
			<string>NetworkModels</string>
			<key>sourceTree</key>
			<string>&lt;group&gt;</string>
		</dict>
		<key>FBD46E501DD2F4790084EE09</key>
		<dict>
			<key>fileEncoding</key>
			<string>4</string>
			<key>isa</key>
			<string>PBXFileReference</string>
			<key>lastKnownFileType</key>
			<string>sourcecode.c.h</string>
			<key>path</key>
			<string>NetworkTaskAPIMethods.h</string>
			<key>sourceTree</key>
			<string>&lt;group&gt;</string>
		</dict>
		<key>FBD46E651DD2F4790084EE09</key>
		<dict>
			<key>children</key>
			<array>
				<string>FBD46E661DD2F4790084EE09</string>
				<string>FBD46E671DD2F4790084EE09</string>
				<string>FBD46E681DD2F4790084EE09</string>
				<string>FBD46E691DD2F4790084EE09</string>
				<string>FBD46E6A1DD2F4790084EE09</string>
				<string>FBD46E6B1DD2F4790084EE09</string>
			</array>
			<key>isa</key>
			<string>PBXGroup</string>
			<key>path</key>
			<string>SessionManagerHelper</string>
			<key>sourceTree</key>
			<string>&lt;group&gt;</string>
		</dict>
		<key>FBD46E661DD2F4790084EE09</key>
		<dict>
			<key>fileEncoding</key>
			<string>4</string>
			<key>isa</key>
			<string>PBXFileReference</string>
			<key>lastKnownFileType</key>
			<string>sourcecode.c.h</string>
			<key>path</key>
			<string>MyRequestSerializer.h</string>
			<key>sourceTree</key>
			<string>&lt;group&gt;</string>
		</dict>
		<key>FBD46E671DD2F4790084EE09</key>
		<dict>
			<key>fileEncoding</key>
			<string>4</string>
			<key>isa</key>
			<string>PBXFileReference</string>
			<key>lastKnownFileType</key>
			<string>sourcecode.c.objc</string>
			<key>path</key>
			<string>MyRequestSerializer.m</string>
			<key>sourceTree</key>
			<string>&lt;group&gt;</string>
		</dict>
		<key>FBD46E681DD2F4790084EE09</key>
		<dict>
			<key>fileEncoding</key>
			<string>4</string>
			<key>isa</key>
			<string>PBXFileReference</string>
			<key>lastKnownFileType</key>
			<string>sourcecode.c.h</string>
			<key>path</key>
			<string>MyResponseSerializer.h</string>
			<key>sourceTree</key>
			<string>&lt;group&gt;</string>
		</dict>
		<key>FBD46E691DD2F4790084EE09</key>
		<dict>
			<key>fileEncoding</key>
			<string>4</string>
			<key>isa</key>
			<string>PBXFileReference</string>
			<key>lastKnownFileType</key>
			<string>sourcecode.c.objc</string>
			<key>path</key>
			<string>MyResponseSerializer.m</string>
			<key>sourceTree</key>
			<string>&lt;group&gt;</string>
		</dict>
		<key>FBD46E6A1DD2F4790084EE09</key>
		<dict>
			<key>fileEncoding</key>
			<string>4</string>
			<key>isa</key>
			<string>PBXFileReference</string>
			<key>lastKnownFileType</key>
			<string>sourcecode.c.h</string>
			<key>path</key>
			<string>SessionManagerHelper.h</string>
			<key>sourceTree</key>
			<string>&lt;group&gt;</string>
		</dict>
		<key>FBD46E6B1DD2F4790084EE09</key>
		<dict>
			<key>fileEncoding</key>
			<string>4</string>
			<key>isa</key>
			<string>PBXFileReference</string>
			<key>lastKnownFileType</key>
			<string>sourcecode.c.objc</string>
			<key>path</key>
			<string>SessionManagerHelper.m</string>
			<key>sourceTree</key>
			<string>&lt;group&gt;</string>
		</dict>
		<key>FBD46E6C1DD2F4790084EE09</key>
		<dict>
			<key>fileRef</key>
			<string>FBD46E1D1DD2F4790084EE09</string>
			<key>isa</key>
			<string>PBXBuildFile</string>
		</dict>
		<key>FBD46E6D1DD2F4790084EE09</key>
		<dict>
			<key>fileRef</key>
			<string>FBD46E211DD2F4790084EE09</string>
			<key>isa</key>
			<string>PBXBuildFile</string>
		</dict>
		<key>FBD46E6E1DD2F4790084EE09</key>
		<dict>
			<key>fileRef</key>
			<string>FBD46E231DD2F4790084EE09</string>
			<key>isa</key>
			<string>PBXBuildFile</string>
		</dict>
		<key>FBD46E6F1DD2F4790084EE09</key>
		<dict>
			<key>fileRef</key>
			<string>FBD46E251DD2F4790084EE09</string>
			<key>isa</key>
			<string>PBXBuildFile</string>
		</dict>
		<key>FBD46E701DD2F4790084EE09</key>
		<dict>
			<key>fileRef</key>
			<string>FBD46E271DD2F4790084EE09</string>
			<key>isa</key>
			<string>PBXBuildFile</string>
		</dict>
		<key>FBD46E8D1DD2F4790084EE09</key>
		<dict>
			<key>fileRef</key>
			<string>FBD46E671DD2F4790084EE09</string>
			<key>isa</key>
			<string>PBXBuildFile</string>
		</dict>
		<key>FBD46E8E1DD2F4790084EE09</key>
		<dict>
			<key>fileRef</key>
			<string>FBD46E691DD2F4790084EE09</string>
			<key>isa</key>
			<string>PBXBuildFile</string>
		</dict>
		<key>FBD46E8F1DD2F4790084EE09</key>
		<dict>
			<key>fileRef</key>
			<string>FBD46E6B1DD2F4790084EE09</string>
			<key>isa</key>
			<string>PBXBuildFile</string>
		</dict>
		<key>FBD46E901DD2F60A0084EE09</key>
		<dict>
			<key>children</key>
			<array>
				<string>FBD46E911DD2F60A0084EE09</string>
				<string>FBD46E921DD2F60A0084EE09</string>
			</array>
			<key>isa</key>
			<string>PBXGroup</string>
			<key>path</key>
			<string>ErrorsHelper</string>
			<key>sourceTree</key>
			<string>&lt;group&gt;</string>
		</dict>
		<key>FBD46E911DD2F60A0084EE09</key>
		<dict>
			<key>fileEncoding</key>
			<string>4</string>
			<key>isa</key>
			<string>PBXFileReference</string>
			<key>lastKnownFileType</key>
			<string>sourcecode.c.h</string>
			<key>path</key>
			<string>ErrorsHelper.h</string>
			<key>sourceTree</key>
			<string>&lt;group&gt;</string>
		</dict>
		<key>FBD46E921DD2F60A0084EE09</key>
		<dict>
			<key>fileEncoding</key>
			<string>4</string>
			<key>isa</key>
			<string>PBXFileReference</string>
			<key>lastKnownFileType</key>
			<string>sourcecode.c.objc</string>
			<key>path</key>
			<string>ErrorsHelper.m</string>
			<key>sourceTree</key>
			<string>&lt;group&gt;</string>
		</dict>
		<key>FBD46E931DD2F60A0084EE09</key>
		<dict>
			<key>fileRef</key>
			<string>FBD46E921DD2F60A0084EE09</string>
			<key>isa</key>
			<string>PBXBuildFile</string>
		</dict>
		<key>FBD46E941DD2F6E70084EE09</key>
		<dict>
			<key>children</key>
			<array>
				<string>FBD46E951DD2F6FE0084EE09</string>
				<string>FBD46E961DD2F6FE0084EE09</string>
				<string>FBD46E9B1DD2F8840084EE09</string>
				<string>FBD46E9C1DD2F8840084EE09</string>
				<string>FB3DE11A1DD34F370048E494</string>
				<string>FB3DE11B1DD34F370048E494</string>
			</array>
			<key>isa</key>
			<string>PBXGroup</string>
			<key>path</key>
			<string>Group</string>
			<key>sourceTree</key>
			<string>&lt;group&gt;</string>
		</dict>
		<key>FBD46E951DD2F6FE0084EE09</key>
		<dict>
			<key>fileEncoding</key>
			<string>4</string>
			<key>isa</key>
			<string>PBXFileReference</string>
			<key>lastKnownFileType</key>
			<string>sourcecode.c.h</string>
			<key>path</key>
			<string>GetGroupNetworkTask.h</string>
			<key>sourceTree</key>
			<string>&lt;group&gt;</string>
		</dict>
		<key>FBD46E961DD2F6FE0084EE09</key>
		<dict>
			<key>fileEncoding</key>
			<string>4</string>
			<key>isa</key>
			<string>PBXFileReference</string>
			<key>lastKnownFileType</key>
			<string>sourcecode.c.objc</string>
			<key>path</key>
			<string>GetGroupNetworkTask.m</string>
			<key>sourceTree</key>
			<string>&lt;group&gt;</string>
		</dict>
		<key>FBD46E971DD2F6FE0084EE09</key>
		<dict>
			<key>fileRef</key>
			<string>FBD46E961DD2F6FE0084EE09</string>
			<key>isa</key>
			<string>PBXBuildFile</string>
		</dict>
		<key>FBD46E981DD2F7300084EE09</key>
		<dict>
			<key>fileEncoding</key>
			<string>4</string>
			<key>isa</key>
			<string>PBXFileReference</string>
			<key>lastKnownFileType</key>
			<string>sourcecode.c.h</string>
			<key>path</key>
			<string>GroupNetworkModel.h</string>
			<key>sourceTree</key>
			<string>&lt;group&gt;</string>
		</dict>
		<key>FBD46E991DD2F7300084EE09</key>
		<dict>
			<key>fileEncoding</key>
			<string>4</string>
			<key>isa</key>
			<string>PBXFileReference</string>
			<key>lastKnownFileType</key>
			<string>sourcecode.c.objc</string>
			<key>path</key>
			<string>GroupNetworkModel.m</string>
			<key>sourceTree</key>
			<string>&lt;group&gt;</string>
		</dict>
		<key>FBD46E9A1DD2F7300084EE09</key>
		<dict>
			<key>fileRef</key>
			<string>FBD46E991DD2F7300084EE09</string>
			<key>isa</key>
			<string>PBXBuildFile</string>
		</dict>
		<key>FBD46E9B1DD2F8840084EE09</key>
		<dict>
			<key>fileEncoding</key>
			<string>4</string>
			<key>isa</key>
			<string>PBXFileReference</string>
			<key>lastKnownFileType</key>
			<string>sourcecode.c.h</string>
			<key>path</key>
			<string>GetGroupWallNetworkTask.h</string>
			<key>sourceTree</key>
			<string>&lt;group&gt;</string>
		</dict>
		<key>FBD46E9C1DD2F8840084EE09</key>
		<dict>
			<key>fileEncoding</key>
			<string>4</string>
			<key>isa</key>
			<string>PBXFileReference</string>
			<key>lastKnownFileType</key>
			<string>sourcecode.c.objc</string>
			<key>path</key>
			<string>GetGroupWallNetworkTask.m</string>
			<key>sourceTree</key>
			<string>&lt;group&gt;</string>
		</dict>
		<key>FBD46E9D1DD2F8840084EE09</key>
		<dict>
			<key>fileRef</key>
			<string>FBD46E9C1DD2F8840084EE09</string>
			<key>isa</key>
			<string>PBXBuildFile</string>
		</dict>
		<key>FBD46E9E1DD2F8A60084EE09</key>
		<dict>
			<key>fileEncoding</key>
			<string>4</string>
			<key>isa</key>
			<string>PBXFileReference</string>
			<key>lastKnownFileType</key>
			<string>sourcecode.c.h</string>
			<key>path</key>
			<string>WallPostNetworkModel.h</string>
			<key>sourceTree</key>
			<string>&lt;group&gt;</string>
		</dict>
		<key>FBD46E9F1DD2F8A60084EE09</key>
		<dict>
			<key>fileEncoding</key>
			<string>4</string>
			<key>isa</key>
			<string>PBXFileReference</string>
			<key>lastKnownFileType</key>
			<string>sourcecode.c.objc</string>
			<key>path</key>
			<string>WallPostNetworkModel.m</string>
			<key>sourceTree</key>
			<string>&lt;group&gt;</string>
		</dict>
		<key>FBD46EA01DD2F8A60084EE09</key>
		<dict>
			<key>fileRef</key>
			<string>FBD46E9F1DD2F8A60084EE09</string>
			<key>isa</key>
			<string>PBXBuildFile</string>
		</dict>
		<key>FBD46EA11DD2F8B00084EE09</key>
		<dict>
			<key>fileEncoding</key>
			<string>4</string>
			<key>isa</key>
			<string>PBXFileReference</string>
			<key>lastKnownFileType</key>
			<string>sourcecode.c.h</string>
			<key>path</key>
			<string>ProfileNetworkModel.h</string>
			<key>sourceTree</key>
			<string>&lt;group&gt;</string>
		</dict>
		<key>FBD46EA21DD2F8B00084EE09</key>
		<dict>
			<key>fileEncoding</key>
			<string>4</string>
			<key>isa</key>
			<string>PBXFileReference</string>
			<key>lastKnownFileType</key>
			<string>sourcecode.c.objc</string>
			<key>path</key>
			<string>ProfileNetworkModel.m</string>
			<key>sourceTree</key>
			<string>&lt;group&gt;</string>
		</dict>
		<key>FBD46EA31DD2F8B00084EE09</key>
		<dict>
			<key>fileRef</key>
			<string>FBD46EA21DD2F8B00084EE09</string>
			<key>isa</key>
			<string>PBXBuildFile</string>
		</dict>
		<key>FBD46EA71DD30BA70084EE09</key>
		<dict>
			<key>fileEncoding</key>
			<string>4</string>
			<key>isa</key>
			<string>PBXFileReference</string>
			<key>lastKnownFileType</key>
			<string>sourcecode.c.h</string>
			<key>path</key>
			<string>WallNetworkModel.h</string>
			<key>sourceTree</key>
			<string>&lt;group&gt;</string>
		</dict>
		<key>FBD46EA81DD30BA70084EE09</key>
		<dict>
			<key>fileEncoding</key>
			<string>4</string>
			<key>isa</key>
			<string>PBXFileReference</string>
			<key>lastKnownFileType</key>
			<string>sourcecode.c.objc</string>
			<key>path</key>
			<string>WallNetworkModel.m</string>
			<key>sourceTree</key>
			<string>&lt;group&gt;</string>
		</dict>
		<key>FBD46EA91DD30BA70084EE09</key>
		<dict>
			<key>fileRef</key>
			<string>FBD46EA81DD30BA70084EE09</string>
			<key>isa</key>
			<string>PBXBuildFile</string>
		</dict>
	</dict>
	<key>rootObject</key>
	<string>FB97728C1DD084810033B64E</string>
</dict>
</plist>
