// !$*UTF8*$!
{
	archiveVersion = 1;
	classes = {
	};
	objectVersion = 46;
	objects = {

/* Begin PBXBuildFile section */
		3D1F1E45919C73617F0DA931 /* libPods-VKWallReaderTests.a in Frameworks */ = {isa = PBXBuildFile; fileRef = 9F5E90C0B0D8AC71D88B8153 /* libPods-VKWallReaderTests.a */; };
		576247D5A14DFBB8CA94450D /* libPods-VKWallReader.a in Frameworks */ = {isa = PBXBuildFile; fileRef = CE7E227FCAE4BD8010D849B3 /* libPods-VKWallReader.a */; };
		FB3DE1081DD33AAB0048E494 /* GetGroupInfoWorker.m in Sources */ = {isa = PBXBuildFile; fileRef = FB3DE1071DD33AAB0048E494 /* GetGroupInfoWorker.m */; };
		FB3DE10C1DD340850048E494 /* UpdateGroupInfoWorker.m in Sources */ = {isa = PBXBuildFile; fileRef = FB3DE10B1DD340850048E494 /* UpdateGroupInfoWorker.m */; };
		FB3DE10F1DD341F60048E494 /* GroupEntity+Additions.m in Sources */ = {isa = PBXBuildFile; fileRef = FB3DE10E1DD341F60048E494 /* GroupEntity+Additions.m */; };
		FB3DE1131DD344D20048E494 /* GroupModel.m in Sources */ = {isa = PBXBuildFile; fileRef = FB3DE1121DD344D20048E494 /* GroupModel.m */; };
		FB3DE1161DD344DC0048E494 /* ProfileModel.m in Sources */ = {isa = PBXBuildFile; fileRef = FB3DE1151DD344DC0048E494 /* ProfileModel.m */; };
		FB3DE1191DD344E80048E494 /* WallPostModel.m in Sources */ = {isa = PBXBuildFile; fileRef = FB3DE1181DD344E80048E494 /* WallPostModel.m */; };
		FB3DE11C1DD34F370048E494 /* GetGroupsNetworkTask.m in Sources */ = {isa = PBXBuildFile; fileRef = FB3DE11B1DD34F370048E494 /* GetGroupsNetworkTask.m */; };
		FB8C8C071DD1D578008A7995 /* Items.storyboard in Resources */ = {isa = PBXBuildFile; fileRef = FB8C8C061DD1D578008A7995 /* Items.storyboard */; };
		FB8C8D321DD1E211008A7995 /* MainAssembly.m in Sources */ = {isa = PBXBuildFile; fileRef = FB8C8D181DD1E211008A7995 /* MainAssembly.m */; };
		FB8C8D331DD1E211008A7995 /* MainInteractor.m in Sources */ = {isa = PBXBuildFile; fileRef = FB8C8D1B1DD1E211008A7995 /* MainInteractor.m */; };
		FB8C8D341DD1E212008A7995 /* MainInputData.m in Sources */ = {isa = PBXBuildFile; fileRef = FB8C8D221DD1E211008A7995 /* MainInputData.m */; };
		FB8C8D351DD1E212008A7995 /* MainModels.m in Sources */ = {isa = PBXBuildFile; fileRef = FB8C8D241DD1E211008A7995 /* MainModels.m */; };
		FB8C8D361DD1E212008A7995 /* MainPresenter.m in Sources */ = {isa = PBXBuildFile; fileRef = FB8C8D271DD1E211008A7995 /* MainPresenter.m */; };
		FB8C8D371DD1E212008A7995 /* MainRouter.m in Sources */ = {isa = PBXBuildFile; fileRef = FB8C8D2C1DD1E211008A7995 /* MainRouter.m */; };
		FB8C8D381DD1E212008A7995 /* MainViewController.m in Sources */ = {isa = PBXBuildFile; fileRef = FB8C8D2F1DD1E211008A7995 /* MainViewController.m */; };
		FB8C8D3A1DD1E21E008A7995 /* Main.storyboard in Resources */ = {isa = PBXBuildFile; fileRef = FB8C8D391DD1E21E008A7995 /* Main.storyboard */; };
		FB9772991DD084810033B64E /* main.m in Sources */ = {isa = PBXBuildFile; fileRef = FB9772981DD084810033B64E /* main.m */; };
		FB97729C1DD084810033B64E /* AppDelegate.m in Sources */ = {isa = PBXBuildFile; fileRef = FB97729B1DD084810033B64E /* AppDelegate.m */; };
		FB9772A71DD084810033B64E /* Assets.xcassets in Resources */ = {isa = PBXBuildFile; fileRef = FB9772A61DD084810033B64E /* Assets.xcassets */; };
		FB9772AA1DD084810033B64E /* LaunchScreen.storyboard in Resources */ = {isa = PBXBuildFile; fileRef = FB9772A81DD084810033B64E /* LaunchScreen.storyboard */; };
		FB9772B51DD084810033B64E /* VKWallReaderTests.m in Sources */ = {isa = PBXBuildFile; fileRef = FB9772B41DD084810033B64E /* VKWallReaderTests.m */; };
		FBA1EDF71DD1EB8B003F56ED /* VKWallReader.xcdatamodeld in Sources */ = {isa = PBXBuildFile; fileRef = FBA1EDF51DD1EB8B003F56ED /* VKWallReader.xcdatamodeld */; };
		FBA1EE011DD1FB87003F56ED /* NSThread+MainThread.m in Sources */ = {isa = PBXBuildFile; fileRef = FBA1EDFD1DD1FB87003F56ED /* NSThread+MainThread.m */; };
		FBA1EE021DD1FB87003F56ED /* UIColor+hex.m in Sources */ = {isa = PBXBuildFile; fileRef = FBA1EDFF1DD1FB87003F56ED /* UIColor+hex.m */; };
		FBA1EE091DD2035D003F56ED /* GroupDetailsCell.m in Sources */ = {isa = PBXBuildFile; fileRef = FBA1EE081DD2035D003F56ED /* GroupDetailsCell.m */; };
		FBD46E6C1DD2F4790084EE09 /* BaseNetworkTask.m in Sources */ = {isa = PBXBuildFile; fileRef = FBD46E1D1DD2F4790084EE09 /* BaseNetworkTask.m */; };
		FBD46E6D1DD2F4790084EE09 /* NetworkTaskParametersModel.m in Sources */ = {isa = PBXBuildFile; fileRef = FBD46E211DD2F4790084EE09 /* NetworkTaskParametersModel.m */; };
		FBD46E6E1DD2F4790084EE09 /* NetworkTaskParameterValidationRule+Rules.m in Sources */ = {isa = PBXBuildFile; fileRef = FBD46E231DD2F4790084EE09 /* NetworkTaskParameterValidationRule+Rules.m */; };
		FBD46E6F1DD2F4790084EE09 /* NetworkTaskParameterValidationRule.m in Sources */ = {isa = PBXBuildFile; fileRef = FBD46E251DD2F4790084EE09 /* NetworkTaskParameterValidationRule.m */; };
		FBD46E701DD2F4790084EE09 /* TaskCancellationToken.m in Sources */ = {isa = PBXBuildFile; fileRef = FBD46E271DD2F4790084EE09 /* TaskCancellationToken.m */; };
		FBD46E8D1DD2F4790084EE09 /* MyRequestSerializer.m in Sources */ = {isa = PBXBuildFile; fileRef = FBD46E671DD2F4790084EE09 /* MyRequestSerializer.m */; };
		FBD46E8E1DD2F4790084EE09 /* MyResponseSerializer.m in Sources */ = {isa = PBXBuildFile; fileRef = FBD46E691DD2F4790084EE09 /* MyResponseSerializer.m */; };
		FBD46E8F1DD2F4790084EE09 /* SessionManagerHelper.m in Sources */ = {isa = PBXBuildFile; fileRef = FBD46E6B1DD2F4790084EE09 /* SessionManagerHelper.m */; };
		FBD46E931DD2F60A0084EE09 /* ErrorsHelper.m in Sources */ = {isa = PBXBuildFile; fileRef = FBD46E921DD2F60A0084EE09 /* ErrorsHelper.m */; };
		FBD46E971DD2F6FE0084EE09 /* GetGroupNetworkTask.m in Sources */ = {isa = PBXBuildFile; fileRef = FBD46E961DD2F6FE0084EE09 /* GetGroupNetworkTask.m */; };
		FBD46E9A1DD2F7300084EE09 /* GroupNetworkModel.m in Sources */ = {isa = PBXBuildFile; fileRef = FBD46E991DD2F7300084EE09 /* GroupNetworkModel.m */; };
		FBD46E9D1DD2F8840084EE09 /* GetGroupWallNetworkTask.m in Sources */ = {isa = PBXBuildFile; fileRef = FBD46E9C1DD2F8840084EE09 /* GetGroupWallNetworkTask.m */; };
		FBD46EA01DD2F8A60084EE09 /* WallPostNetworkModel.m in Sources */ = {isa = PBXBuildFile; fileRef = FBD46E9F1DD2F8A60084EE09 /* WallPostNetworkModel.m */; };
		FBD46EA31DD2F8B00084EE09 /* ProfileNetworkModel.m in Sources */ = {isa = PBXBuildFile; fileRef = FBD46EA21DD2F8B00084EE09 /* ProfileNetworkModel.m */; };
		FBD46EA91DD30BA70084EE09 /* WallNetworkModel.m in Sources */ = {isa = PBXBuildFile; fileRef = FBD46EA81DD30BA70084EE09 /* WallNetworkModel.m */; };
/* End PBXBuildFile section */

/* Begin PBXContainerItemProxy section */
		FB9772B11DD084810033B64E /* PBXContainerItemProxy */ = {
			isa = PBXContainerItemProxy;
			containerPortal = FB97728C1DD084810033B64E /* Project object */;
			proxyType = 1;
			remoteGlobalIDString = FB9772931DD084810033B64E;
			remoteInfo = VKWallReader;
		};
/* End PBXContainerItemProxy section */

/* Begin PBXFileReference section */
		006501C500AD838318B6DECF /* Pods-VKWallReaderTests.release.xcconfig */ = {isa = PBXFileReference; includeInIndex = 1; lastKnownFileType = text.xcconfig; name = "Pods-VKWallReaderTests.release.xcconfig"; path = "Pods/Target Support Files/Pods-VKWallReaderTests/Pods-VKWallReaderTests.release.xcconfig"; sourceTree = "<group>"; };
		564A3B0949A1DEBD623C53BA /* Pods-VKWallReader.release.xcconfig */ = {isa = PBXFileReference; includeInIndex = 1; lastKnownFileType = text.xcconfig; name = "Pods-VKWallReader.release.xcconfig"; path = "Pods/Target Support Files/Pods-VKWallReader/Pods-VKWallReader.release.xcconfig"; sourceTree = "<group>"; };
		9F5E90C0B0D8AC71D88B8153 /* libPods-VKWallReaderTests.a */ = {isa = PBXFileReference; explicitFileType = archive.ar; includeInIndex = 0; path = "libPods-VKWallReaderTests.a"; sourceTree = BUILT_PRODUCTS_DIR; };
		B5FB1A13571CF619A5855A47 /* Pods-VKWallReaderTests.debug.xcconfig */ = {isa = PBXFileReference; includeInIndex = 1; lastKnownFileType = text.xcconfig; name = "Pods-VKWallReaderTests.debug.xcconfig"; path = "Pods/Target Support Files/Pods-VKWallReaderTests/Pods-VKWallReaderTests.debug.xcconfig"; sourceTree = "<group>"; };
		CE7E227FCAE4BD8010D849B3 /* libPods-VKWallReader.a */ = {isa = PBXFileReference; explicitFileType = archive.ar; includeInIndex = 0; path = "libPods-VKWallReader.a"; sourceTree = BUILT_PRODUCTS_DIR; };
		E601FB559F10C971378CE700 /* Pods-VKWallReader.debug.xcconfig */ = {isa = PBXFileReference; includeInIndex = 1; lastKnownFileType = text.xcconfig; name = "Pods-VKWallReader.debug.xcconfig"; path = "Pods/Target Support Files/Pods-VKWallReader/Pods-VKWallReader.debug.xcconfig"; sourceTree = "<group>"; };
		FB3DE1061DD33AAB0048E494 /* GetGroupInfoWorker.h */ = {isa = PBXFileReference; fileEncoding = 4; lastKnownFileType = sourcecode.c.h; path = GetGroupInfoWorker.h; sourceTree = "<group>"; };
		FB3DE1071DD33AAB0048E494 /* GetGroupInfoWorker.m */ = {isa = PBXFileReference; fileEncoding = 4; lastKnownFileType = sourcecode.c.objc; path = GetGroupInfoWorker.m; sourceTree = "<group>"; };
		FB3DE10A1DD340850048E494 /* UpdateGroupInfoWorker.h */ = {isa = PBXFileReference; fileEncoding = 4; lastKnownFileType = sourcecode.c.h; path = UpdateGroupInfoWorker.h; sourceTree = "<group>"; };
		FB3DE10B1DD340850048E494 /* UpdateGroupInfoWorker.m */ = {isa = PBXFileReference; fileEncoding = 4; lastKnownFileType = sourcecode.c.objc; path = UpdateGroupInfoWorker.m; sourceTree = "<group>"; };
		FB3DE10D1DD341F60048E494 /* GroupEntity+Additions.h */ = {isa = PBXFileReference; fileEncoding = 4; lastKnownFileType = sourcecode.c.h; path = "GroupEntity+Additions.h"; sourceTree = "<group>"; };
		FB3DE10E1DD341F60048E494 /* GroupEntity+Additions.m */ = {isa = PBXFileReference; fileEncoding = 4; lastKnownFileType = sourcecode.c.objc; path = "GroupEntity+Additions.m"; sourceTree = "<group>"; };
		FB3DE1111DD344D20048E494 /* GroupModel.h */ = {isa = PBXFileReference; fileEncoding = 4; lastKnownFileType = sourcecode.c.h; path = GroupModel.h; sourceTree = "<group>"; };
		FB3DE1121DD344D20048E494 /* GroupModel.m */ = {isa = PBXFileReference; fileEncoding = 4; lastKnownFileType = sourcecode.c.objc; path = GroupModel.m; sourceTree = "<group>"; };
		FB3DE1141DD344DC0048E494 /* ProfileModel.h */ = {isa = PBXFileReference; fileEncoding = 4; lastKnownFileType = sourcecode.c.h; path = ProfileModel.h; sourceTree = "<group>"; };
		FB3DE1151DD344DC0048E494 /* ProfileModel.m */ = {isa = PBXFileReference; fileEncoding = 4; lastKnownFileType = sourcecode.c.objc; path = ProfileModel.m; sourceTree = "<group>"; };
		FB3DE1171DD344E80048E494 /* WallPostModel.h */ = {isa = PBXFileReference; fileEncoding = 4; lastKnownFileType = sourcecode.c.h; path = WallPostModel.h; sourceTree = "<group>"; };
		FB3DE1181DD344E80048E494 /* WallPostModel.m */ = {isa = PBXFileReference; fileEncoding = 4; lastKnownFileType = sourcecode.c.objc; path = WallPostModel.m; sourceTree = "<group>"; };
		FB3DE11A1DD34F370048E494 /* GetGroupsNetworkTask.h */ = {isa = PBXFileReference; fileEncoding = 4; lastKnownFileType = sourcecode.c.h; path = GetGroupsNetworkTask.h; sourceTree = "<group>"; };
		FB3DE11B1DD34F370048E494 /* GetGroupsNetworkTask.m */ = {isa = PBXFileReference; fileEncoding = 4; lastKnownFileType = sourcecode.c.objc; path = GetGroupsNetworkTask.m; sourceTree = "<group>"; };
		FB8C8C061DD1D578008A7995 /* Items.storyboard */ = {isa = PBXFileReference; fileEncoding = 4; lastKnownFileType = file.storyboard; path = Items.storyboard; sourceTree = "<group>"; };
		FB8C8D171DD1E211008A7995 /* MainAssembly.h */ = {isa = PBXFileReference; fileEncoding = 4; lastKnownFileType = sourcecode.c.h; path = MainAssembly.h; sourceTree = "<group>"; };
		FB8C8D181DD1E211008A7995 /* MainAssembly.m */ = {isa = PBXFileReference; fileEncoding = 4; lastKnownFileType = sourcecode.c.objc; path = MainAssembly.m; sourceTree = "<group>"; };
		FB8C8D1A1DD1E211008A7995 /* MainInteractor.h */ = {isa = PBXFileReference; fileEncoding = 4; lastKnownFileType = sourcecode.c.h; path = MainInteractor.h; sourceTree = "<group>"; };
		FB8C8D1B1DD1E211008A7995 /* MainInteractor.m */ = {isa = PBXFileReference; fileEncoding = 4; lastKnownFileType = sourcecode.c.objc; path = MainInteractor.m; sourceTree = "<group>"; };
		FB8C8D1C1DD1E211008A7995 /* MainInteractorInput.h */ = {isa = PBXFileReference; fileEncoding = 4; lastKnownFileType = sourcecode.c.h; path = MainInteractorInput.h; sourceTree = "<group>"; };
		FB8C8D1D1DD1E211008A7995 /* MainInteractorOutput.h */ = {isa = PBXFileReference; fileEncoding = 4; lastKnownFileType = sourcecode.c.h; path = MainInteractorOutput.h; sourceTree = "<group>"; };
		FB8C8D1E1DD1E211008A7995 /* MainInput.h */ = {isa = PBXFileReference; fileEncoding = 4; lastKnownFileType = sourcecode.c.h; path = MainInput.h; sourceTree = "<group>"; };
		FB8C8D1F1DD1E211008A7995 /* MainOutput.h */ = {isa = PBXFileReference; fileEncoding = 4; lastKnownFileType = sourcecode.c.h; path = MainOutput.h; sourceTree = "<group>"; };
		FB8C8D211DD1E211008A7995 /* MainInputData.h */ = {isa = PBXFileReference; fileEncoding = 4; lastKnownFileType = sourcecode.c.h; path = MainInputData.h; sourceTree = "<group>"; };
		FB8C8D221DD1E211008A7995 /* MainInputData.m */ = {isa = PBXFileReference; fileEncoding = 4; lastKnownFileType = sourcecode.c.objc; path = MainInputData.m; sourceTree = "<group>"; };
		FB8C8D231DD1E211008A7995 /* MainModels.h */ = {isa = PBXFileReference; fileEncoding = 4; lastKnownFileType = sourcecode.c.h; path = MainModels.h; sourceTree = "<group>"; };
		FB8C8D241DD1E211008A7995 /* MainModels.m */ = {isa = PBXFileReference; fileEncoding = 4; lastKnownFileType = sourcecode.c.objc; path = MainModels.m; sourceTree = "<group>"; };
		FB8C8D261DD1E211008A7995 /* MainPresenter.h */ = {isa = PBXFileReference; fileEncoding = 4; lastKnownFileType = sourcecode.c.h; path = MainPresenter.h; sourceTree = "<group>"; };
		FB8C8D271DD1E211008A7995 /* MainPresenter.m */ = {isa = PBXFileReference; fileEncoding = 4; lastKnownFileType = sourcecode.c.objc; path = MainPresenter.m; sourceTree = "<group>"; };
		FB8C8D281DD1E211008A7995 /* MainPresenterInput.h */ = {isa = PBXFileReference; fileEncoding = 4; lastKnownFileType = sourcecode.c.h; path = MainPresenterInput.h; sourceTree = "<group>"; };
		FB8C8D291DD1E211008A7995 /* MainPresenterOutput.h */ = {isa = PBXFileReference; fileEncoding = 4; lastKnownFileType = sourcecode.c.h; path = MainPresenterOutput.h; sourceTree = "<group>"; };
		FB8C8D2B1DD1E211008A7995 /* MainRouter.h */ = {isa = PBXFileReference; fileEncoding = 4; lastKnownFileType = sourcecode.c.h; path = MainRouter.h; sourceTree = "<group>"; };
		FB8C8D2C1DD1E211008A7995 /* MainRouter.m */ = {isa = PBXFileReference; fileEncoding = 4; lastKnownFileType = sourcecode.c.objc; path = MainRouter.m; sourceTree = "<group>"; };
		FB8C8D2E1DD1E211008A7995 /* MainViewController.h */ = {isa = PBXFileReference; fileEncoding = 4; lastKnownFileType = sourcecode.c.h; path = MainViewController.h; sourceTree = "<group>"; };
		FB8C8D2F1DD1E211008A7995 /* MainViewController.m */ = {isa = PBXFileReference; fileEncoding = 4; lastKnownFileType = sourcecode.c.objc; path = MainViewController.m; sourceTree = "<group>"; };
		FB8C8D301DD1E211008A7995 /* MainViewControllerInput.h */ = {isa = PBXFileReference; fileEncoding = 4; lastKnownFileType = sourcecode.c.h; path = MainViewControllerInput.h; sourceTree = "<group>"; };
		FB8C8D311DD1E211008A7995 /* MainViewControllerOutput.h */ = {isa = PBXFileReference; fileEncoding = 4; lastKnownFileType = sourcecode.c.h; path = MainViewControllerOutput.h; sourceTree = "<group>"; };
		FB8C8D391DD1E21E008A7995 /* Main.storyboard */ = {isa = PBXFileReference; fileEncoding = 4; lastKnownFileType = file.storyboard; path = Main.storyboard; sourceTree = "<group>"; };
		FB9772941DD084810033B64E /* VKWallReader.app */ = {isa = PBXFileReference; explicitFileType = wrapper.application; includeInIndex = 0; path = VKWallReader.app; sourceTree = BUILT_PRODUCTS_DIR; };
		FB9772981DD084810033B64E /* main.m */ = {isa = PBXFileReference; lastKnownFileType = sourcecode.c.objc; path = main.m; sourceTree = "<group>"; };
		FB97729A1DD084810033B64E /* AppDelegate.h */ = {isa = PBXFileReference; lastKnownFileType = sourcecode.c.h; path = AppDelegate.h; sourceTree = "<group>"; };
		FB97729B1DD084810033B64E /* AppDelegate.m */ = {isa = PBXFileReference; lastKnownFileType = sourcecode.c.objc; path = AppDelegate.m; sourceTree = "<group>"; };
		FB9772A61DD084810033B64E /* Assets.xcassets */ = {isa = PBXFileReference; lastKnownFileType = folder.assetcatalog; path = Assets.xcassets; sourceTree = "<group>"; };
		FB9772A91DD084810033B64E /* Base */ = {isa = PBXFileReference; lastKnownFileType = file.storyboard; name = Base; path = Base.lproj/LaunchScreen.storyboard; sourceTree = "<group>"; };
		FB9772AB1DD084810033B64E /* Info.plist */ = {isa = PBXFileReference; lastKnownFileType = text.plist.xml; path = Info.plist; sourceTree = "<group>"; };
		FB9772B01DD084810033B64E /* VKWallReaderTests.xctest */ = {isa = PBXFileReference; explicitFileType = wrapper.cfbundle; includeInIndex = 0; path = VKWallReaderTests.xctest; sourceTree = BUILT_PRODUCTS_DIR; };
		FB9772B41DD084810033B64E /* VKWallReaderTests.m */ = {isa = PBXFileReference; lastKnownFileType = sourcecode.c.objc; path = VKWallReaderTests.m; sourceTree = "<group>"; };
		FB9772B61DD084810033B64E /* Info.plist */ = {isa = PBXFileReference; lastKnownFileType = text.plist.xml; path = Info.plist; sourceTree = "<group>"; };
		FBA1EDF61DD1EB8B003F56ED /* VKWallReader.xcdatamodel */ = {isa = PBXFileReference; lastKnownFileType = wrapper.xcdatamodel; path = VKWallReader.xcdatamodel; sourceTree = "<group>"; };
		FBA1EDFC1DD1FB87003F56ED /* NSThread+MainThread.h */ = {isa = PBXFileReference; fileEncoding = 4; lastKnownFileType = sourcecode.c.h; path = "NSThread+MainThread.h"; sourceTree = "<group>"; };
		FBA1EDFD1DD1FB87003F56ED /* NSThread+MainThread.m */ = {isa = PBXFileReference; fileEncoding = 4; lastKnownFileType = sourcecode.c.objc; path = "NSThread+MainThread.m"; sourceTree = "<group>"; };
		FBA1EDFE1DD1FB87003F56ED /* UIColor+hex.h */ = {isa = PBXFileReference; fileEncoding = 4; lastKnownFileType = sourcecode.c.h; path = "UIColor+hex.h"; sourceTree = "<group>"; };
		FBA1EDFF1DD1FB87003F56ED /* UIColor+hex.m */ = {isa = PBXFileReference; fileEncoding = 4; lastKnownFileType = sourcecode.c.objc; path = "UIColor+hex.m"; sourceTree = "<group>"; };
		FBA1EE071DD2035D003F56ED /* GroupDetailsCell.h */ = {isa = PBXFileReference; fileEncoding = 4; lastKnownFileType = sourcecode.c.h; path = GroupDetailsCell.h; sourceTree = "<group>"; };
		FBA1EE081DD2035D003F56ED /* GroupDetailsCell.m */ = {isa = PBXFileReference; fileEncoding = 4; lastKnownFileType = sourcecode.c.objc; path = GroupDetailsCell.m; sourceTree = "<group>"; };
		FBD46E1C1DD2F4790084EE09 /* BaseNetworkTask.h */ = {isa = PBXFileReference; fileEncoding = 4; lastKnownFileType = sourcecode.c.h; path = BaseNetworkTask.h; sourceTree = "<group>"; };
		FBD46E1D1DD2F4790084EE09 /* BaseNetworkTask.m */ = {isa = PBXFileReference; fileEncoding = 4; lastKnownFileType = sourcecode.c.objc; path = BaseNetworkTask.m; sourceTree = "<group>"; };
		FBD46E1E1DD2F4790084EE09 /* BaseNetworkTask_protected.h */ = {isa = PBXFileReference; fileEncoding = 4; lastKnownFileType = sourcecode.c.h; path = BaseNetworkTask_protected.h; sourceTree = "<group>"; };
		FBD46E201DD2F4790084EE09 /* NetworkTaskParametersModel.h */ = {isa = PBXFileReference; fileEncoding = 4; lastKnownFileType = sourcecode.c.h; path = NetworkTaskParametersModel.h; sourceTree = "<group>"; };
		FBD46E211DD2F4790084EE09 /* NetworkTaskParametersModel.m */ = {isa = PBXFileReference; fileEncoding = 4; lastKnownFileType = sourcecode.c.objc; path = NetworkTaskParametersModel.m; sourceTree = "<group>"; };
		FBD46E221DD2F4790084EE09 /* NetworkTaskParameterValidationRule+Rules.h */ = {isa = PBXFileReference; fileEncoding = 4; lastKnownFileType = sourcecode.c.h; path = "NetworkTaskParameterValidationRule+Rules.h"; sourceTree = "<group>"; };
		FBD46E231DD2F4790084EE09 /* NetworkTaskParameterValidationRule+Rules.m */ = {isa = PBXFileReference; fileEncoding = 4; lastKnownFileType = sourcecode.c.objc; path = "NetworkTaskParameterValidationRule+Rules.m"; sourceTree = "<group>"; };
		FBD46E241DD2F4790084EE09 /* NetworkTaskParameterValidationRule.h */ = {isa = PBXFileReference; fileEncoding = 4; lastKnownFileType = sourcecode.c.h; path = NetworkTaskParameterValidationRule.h; sourceTree = "<group>"; };
		FBD46E251DD2F4790084EE09 /* NetworkTaskParameterValidationRule.m */ = {isa = PBXFileReference; fileEncoding = 4; lastKnownFileType = sourcecode.c.objc; path = NetworkTaskParameterValidationRule.m; sourceTree = "<group>"; };
		FBD46E261DD2F4790084EE09 /* TaskCancellationToken.h */ = {isa = PBXFileReference; fileEncoding = 4; lastKnownFileType = sourcecode.c.h; path = TaskCancellationToken.h; sourceTree = "<group>"; };
		FBD46E271DD2F4790084EE09 /* TaskCancellationToken.m */ = {isa = PBXFileReference; fileEncoding = 4; lastKnownFileType = sourcecode.c.objc; path = TaskCancellationToken.m; sourceTree = "<group>"; };
		FBD46E501DD2F4790084EE09 /* NetworkTaskAPIMethods.h */ = {isa = PBXFileReference; fileEncoding = 4; lastKnownFileType = sourcecode.c.h; path = NetworkTaskAPIMethods.h; sourceTree = "<group>"; };
		FBD46E661DD2F4790084EE09 /* MyRequestSerializer.h */ = {isa = PBXFileReference; fileEncoding = 4; lastKnownFileType = sourcecode.c.h; path = MyRequestSerializer.h; sourceTree = "<group>"; };
		FBD46E671DD2F4790084EE09 /* MyRequestSerializer.m */ = {isa = PBXFileReference; fileEncoding = 4; lastKnownFileType = sourcecode.c.objc; path = MyRequestSerializer.m; sourceTree = "<group>"; };
		FBD46E681DD2F4790084EE09 /* MyResponseSerializer.h */ = {isa = PBXFileReference; fileEncoding = 4; lastKnownFileType = sourcecode.c.h; path = MyResponseSerializer.h; sourceTree = "<group>"; };
		FBD46E691DD2F4790084EE09 /* MyResponseSerializer.m */ = {isa = PBXFileReference; fileEncoding = 4; lastKnownFileType = sourcecode.c.objc; path = MyResponseSerializer.m; sourceTree = "<group>"; };
		FBD46E6A1DD2F4790084EE09 /* SessionManagerHelper.h */ = {isa = PBXFileReference; fileEncoding = 4; lastKnownFileType = sourcecode.c.h; path = SessionManagerHelper.h; sourceTree = "<group>"; };
		FBD46E6B1DD2F4790084EE09 /* SessionManagerHelper.m */ = {isa = PBXFileReference; fileEncoding = 4; lastKnownFileType = sourcecode.c.objc; path = SessionManagerHelper.m; sourceTree = "<group>"; };
		FBD46E911DD2F60A0084EE09 /* ErrorsHelper.h */ = {isa = PBXFileReference; fileEncoding = 4; lastKnownFileType = sourcecode.c.h; path = ErrorsHelper.h; sourceTree = "<group>"; };
		FBD46E921DD2F60A0084EE09 /* ErrorsHelper.m */ = {isa = PBXFileReference; fileEncoding = 4; lastKnownFileType = sourcecode.c.objc; path = ErrorsHelper.m; sourceTree = "<group>"; };
		FBD46E951DD2F6FE0084EE09 /* GetGroupNetworkTask.h */ = {isa = PBXFileReference; fileEncoding = 4; lastKnownFileType = sourcecode.c.h; path = GetGroupNetworkTask.h; sourceTree = "<group>"; };
		FBD46E961DD2F6FE0084EE09 /* GetGroupNetworkTask.m */ = {isa = PBXFileReference; fileEncoding = 4; lastKnownFileType = sourcecode.c.objc; path = GetGroupNetworkTask.m; sourceTree = "<group>"; };
		FBD46E981DD2F7300084EE09 /* GroupNetworkModel.h */ = {isa = PBXFileReference; fileEncoding = 4; lastKnownFileType = sourcecode.c.h; path = GroupNetworkModel.h; sourceTree = "<group>"; };
		FBD46E991DD2F7300084EE09 /* GroupNetworkModel.m */ = {isa = PBXFileReference; fileEncoding = 4; lastKnownFileType = sourcecode.c.objc; path = GroupNetworkModel.m; sourceTree = "<group>"; };
		FBD46E9B1DD2F8840084EE09 /* GetGroupWallNetworkTask.h */ = {isa = PBXFileReference; fileEncoding = 4; lastKnownFileType = sourcecode.c.h; path = GetGroupWallNetworkTask.h; sourceTree = "<group>"; };
		FBD46E9C1DD2F8840084EE09 /* GetGroupWallNetworkTask.m */ = {isa = PBXFileReference; fileEncoding = 4; lastKnownFileType = sourcecode.c.objc; path = GetGroupWallNetworkTask.m; sourceTree = "<group>"; };
		FBD46E9E1DD2F8A60084EE09 /* WallPostNetworkModel.h */ = {isa = PBXFileReference; fileEncoding = 4; lastKnownFileType = sourcecode.c.h; path = WallPostNetworkModel.h; sourceTree = "<group>"; };
		FBD46E9F1DD2F8A60084EE09 /* WallPostNetworkModel.m */ = {isa = PBXFileReference; fileEncoding = 4; lastKnownFileType = sourcecode.c.objc; path = WallPostNetworkModel.m; sourceTree = "<group>"; };
		FBD46EA11DD2F8B00084EE09 /* ProfileNetworkModel.h */ = {isa = PBXFileReference; fileEncoding = 4; lastKnownFileType = sourcecode.c.h; path = ProfileNetworkModel.h; sourceTree = "<group>"; };
		FBD46EA21DD2F8B00084EE09 /* ProfileNetworkModel.m */ = {isa = PBXFileReference; fileEncoding = 4; lastKnownFileType = sourcecode.c.objc; path = ProfileNetworkModel.m; sourceTree = "<group>"; };
		FBD46EA71DD30BA70084EE09 /* WallNetworkModel.h */ = {isa = PBXFileReference; fileEncoding = 4; lastKnownFileType = sourcecode.c.h; path = WallNetworkModel.h; sourceTree = "<group>"; };
		FBD46EA81DD30BA70084EE09 /* WallNetworkModel.m */ = {isa = PBXFileReference; fileEncoding = 4; lastKnownFileType = sourcecode.c.objc; path = WallNetworkModel.m; sourceTree = "<group>"; };
/* End PBXFileReference section */

/* Begin PBXFrameworksBuildPhase section */
		FB9772911DD084810033B64E /* Frameworks */ = {
			isa = PBXFrameworksBuildPhase;
			buildActionMask = 2147483647;
			files = (
				576247D5A14DFBB8CA94450D /* libPods-VKWallReader.a in Frameworks */,
			);
			runOnlyForDeploymentPostprocessing = 0;
		};
		FB9772AD1DD084810033B64E /* Frameworks */ = {
			isa = PBXFrameworksBuildPhase;
			buildActionMask = 2147483647;
			files = (
				3D1F1E45919C73617F0DA931 /* libPods-VKWallReaderTests.a in Frameworks */,
			);
			runOnlyForDeploymentPostprocessing = 0;
		};
/* End PBXFrameworksBuildPhase section */

/* Begin PBXGroup section */
		EC1A32FE9F2D8BB40503AF11 /* Pods */ = {
			isa = PBXGroup;
			children = (
				E601FB559F10C971378CE700 /* Pods-VKWallReader.debug.xcconfig */,
				564A3B0949A1DEBD623C53BA /* Pods-VKWallReader.release.xcconfig */,
				B5FB1A13571CF619A5855A47 /* Pods-VKWallReaderTests.debug.xcconfig */,
				006501C500AD838318B6DECF /* Pods-VKWallReaderTests.release.xcconfig */,
			);
			name = Pods;
			sourceTree = "<group>";
		};
		F1578DCB861345EC4A26EB1F /* Frameworks */ = {
			isa = PBXGroup;
			children = (
				CE7E227FCAE4BD8010D849B3 /* libPods-VKWallReader.a */,
				9F5E90C0B0D8AC71D88B8153 /* libPods-VKWallReaderTests.a */,
			);
			name = Frameworks;
			sourceTree = "<group>";
		};
		FB3DE1101DD344770048E494 /* PONS */ = {
			isa = PBXGroup;
			children = (
				FB3DE1111DD344D20048E494 /* GroupModel.h */,
				FB3DE1121DD344D20048E494 /* GroupModel.m */,
				FB3DE1141DD344DC0048E494 /* ProfileModel.h */,
				FB3DE1151DD344DC0048E494 /* ProfileModel.m */,
				FB3DE1171DD344E80048E494 /* WallPostModel.h */,
				FB3DE1181DD344E80048E494 /* WallPostModel.m */,
			);
			path = PONS;
			sourceTree = "<group>";
		};
		FB8C8D151DD1E211008A7995 /* Main */ = {
			isa = PBXGroup;
			children = (
				FB8C8D161DD1E211008A7995 /* Assembly */,
				FB8C8D191DD1E211008A7995 /* Interactor */,
				FB8C8D1E1DD1E211008A7995 /* MainInput.h */,
				FB8C8D1F1DD1E211008A7995 /* MainOutput.h */,
				FB8C8D201DD1E211008A7995 /* Models */,
				FB8C8D251DD1E211008A7995 /* Presenter */,
				FB8C8D2A1DD1E211008A7995 /* Router */,
				FB8C8D2D1DD1E211008A7995 /* ViewController */,
			);
			path = Main;
			sourceTree = "<group>";
		};
		FB8C8D161DD1E211008A7995 /* Assembly */ = {
			isa = PBXGroup;
			children = (
				FB8C8D171DD1E211008A7995 /* MainAssembly.h */,
				FB8C8D181DD1E211008A7995 /* MainAssembly.m */,
			);
			path = Assembly;
			sourceTree = "<group>";
		};
		FB8C8D191DD1E211008A7995 /* Interactor */ = {
			isa = PBXGroup;
			children = (
				FB8C8D1A1DD1E211008A7995 /* MainInteractor.h */,
				FB8C8D1B1DD1E211008A7995 /* MainInteractor.m */,
				FB8C8D1C1DD1E211008A7995 /* MainInteractorInput.h */,
				FB8C8D1D1DD1E211008A7995 /* MainInteractorOutput.h */,
			);
			path = Interactor;
			sourceTree = "<group>";
		};
		FB8C8D201DD1E211008A7995 /* Models */ = {
			isa = PBXGroup;
			children = (
				FB8C8D211DD1E211008A7995 /* MainInputData.h */,
				FB8C8D221DD1E211008A7995 /* MainInputData.m */,
				FB8C8D231DD1E211008A7995 /* MainModels.h */,
				FB8C8D241DD1E211008A7995 /* MainModels.m */,
			);
			path = Models;
			sourceTree = "<group>";
		};
		FB8C8D251DD1E211008A7995 /* Presenter */ = {
			isa = PBXGroup;
			children = (
				FB8C8D261DD1E211008A7995 /* MainPresenter.h */,
				FB8C8D271DD1E211008A7995 /* MainPresenter.m */,
				FB8C8D281DD1E211008A7995 /* MainPresenterInput.h */,
				FB8C8D291DD1E211008A7995 /* MainPresenterOutput.h */,
			);
			path = Presenter;
			sourceTree = "<group>";
		};
		FB8C8D2A1DD1E211008A7995 /* Router */ = {
			isa = PBXGroup;
			children = (
				FB8C8D2B1DD1E211008A7995 /* MainRouter.h */,
				FB8C8D2C1DD1E211008A7995 /* MainRouter.m */,
			);
			path = Router;
			sourceTree = "<group>";
		};
		FB8C8D2D1DD1E211008A7995 /* ViewController */ = {
			isa = PBXGroup;
			children = (
				FBA1EE061DD2033B003F56ED /* Views */,
				FB8C8D2E1DD1E211008A7995 /* MainViewController.h */,
				FB8C8D2F1DD1E211008A7995 /* MainViewController.m */,
				FB8C8D301DD1E211008A7995 /* MainViewControllerInput.h */,
				FB8C8D311DD1E211008A7995 /* MainViewControllerOutput.h */,
			);
			path = ViewController;
			sourceTree = "<group>";
		};
		FB97728B1DD084810033B64E = {
			isa = PBXGroup;
			children = (
				FB9772961DD084810033B64E /* VKWallReader */,
				FB9772B31DD084810033B64E /* VKWallReaderTests */,
				FB9772951DD084810033B64E /* Products */,
				EC1A32FE9F2D8BB40503AF11 /* Pods */,
				F1578DCB861345EC4A26EB1F /* Frameworks */,
			);
			sourceTree = "<group>";
		};
		FB9772951DD084810033B64E /* Products */ = {
			isa = PBXGroup;
			children = (
				FB9772941DD084810033B64E /* VKWallReader.app */,
				FB9772B01DD084810033B64E /* VKWallReaderTests.xctest */,
			);
			name = Products;
			sourceTree = "<group>";
		};
		FB9772961DD084810033B64E /* VKWallReader */ = {
			isa = PBXGroup;
			children = (
				FBA1EDED1DD1EB06003F56ED /* Models */,
				FB9772BF1DD08D820033B64E /* Resources */,
				FB9772C01DD08D820033B64E /* Scenes */,
				FB9772C11DD08D820033B64E /* Services */,
				FB9772C21DD08D820033B64E /* Storyboards */,
				FB9772C31DD08D820033B64E /* Utils */,
				FB9772C81DD08D820033B64E /* Workers */,
				FB97729A1DD084810033B64E /* AppDelegate.h */,
				FB97729B1DD084810033B64E /* AppDelegate.m */,
				FB9772A61DD084810033B64E /* Assets.xcassets */,
				FB9772A81DD084810033B64E /* LaunchScreen.storyboard */,
				FB9772AB1DD084810033B64E /* Info.plist */,
				FB9772971DD084810033B64E /* Supporting Files */,
			);
			path = VKWallReader;
			sourceTree = "<group>";
		};
		FB9772971DD084810033B64E /* Supporting Files */ = {
			isa = PBXGroup;
			children = (
				FB9772981DD084810033B64E /* main.m */,
			);
			name = "Supporting Files";
			sourceTree = "<group>";
		};
		FB9772B31DD084810033B64E /* VKWallReaderTests */ = {
			isa = PBXGroup;
			children = (
				FB9772B41DD084810033B64E /* VKWallReaderTests.m */,
				FB9772B61DD084810033B64E /* Info.plist */,
			);
			path = VKWallReaderTests;
			sourceTree = "<group>";
		};
		FB9772BF1DD08D820033B64E /* Resources */ = {
			isa = PBXGroup;
			children = (
			);
			path = Resources;
			sourceTree = "<group>";
		};
		FB9772C01DD08D820033B64E /* Scenes */ = {
			isa = PBXGroup;
			children = (
				FB8C8D151DD1E211008A7995 /* Main */,
			);
			path = Scenes;
			sourceTree = "<group>";
		};
		FB9772C11DD08D820033B64E /* Services */ = {
			isa = PBXGroup;
			children = (
				FBD46E191DD2F4790084EE09 /* NetworkService */,
			);
			path = Services;
			sourceTree = "<group>";
		};
		FB9772C21DD08D820033B64E /* Storyboards */ = {
			isa = PBXGroup;
			children = (
				FB8C8C061DD1D578008A7995 /* Items.storyboard */,
				FB8C8D391DD1E21E008A7995 /* Main.storyboard */,
			);
			path = Storyboards;
			sourceTree = "<group>";
		};
		FB9772C31DD08D820033B64E /* Utils */ = {
			isa = PBXGroup;
			children = (
				FBD46E901DD2F60A0084EE09 /* ErrorsHelper */,
				FBA1EDFB1DD1FB87003F56ED /* Categories */,
			);
			path = Utils;
			sourceTree = "<group>";
		};
		FB9772C81DD08D820033B64E /* Workers */ = {
			isa = PBXGroup;
			children = (
				FB3DE1061DD33AAB0048E494 /* GetGroupInfoWorker.h */,
				FB3DE1071DD33AAB0048E494 /* GetGroupInfoWorker.m */,
				FB3DE10A1DD340850048E494 /* UpdateGroupInfoWorker.h */,
				FB3DE10B1DD340850048E494 /* UpdateGroupInfoWorker.m */,
			);
			path = Workers;
			sourceTree = "<group>";
		};
		FBA1EDED1DD1EB06003F56ED /* Models */ = {
			isa = PBXGroup;
			children = (
				FB3DE1101DD344770048E494 /* PONS */,
				FBA1EDF41DD1EB82003F56ED /* CoreData */,
			);
			path = Models;
			sourceTree = "<group>";
		};
		FBA1EDF41DD1EB82003F56ED /* CoreData */ = {
			isa = PBXGroup;
			children = (
				FBA1EDF51DD1EB8B003F56ED /* VKWallReader.xcdatamodeld */,
				FB3DE10D1DD341F60048E494 /* GroupEntity+Additions.h */,
				FB3DE10E1DD341F60048E494 /* GroupEntity+Additions.m */,
			);
			path = CoreData;
			sourceTree = "<group>";
		};
		FBA1EDFB1DD1FB87003F56ED /* Categories */ = {
			isa = PBXGroup;
			children = (
				FBA1EDFC1DD1FB87003F56ED /* NSThread+MainThread.h */,
				FBA1EDFD1DD1FB87003F56ED /* NSThread+MainThread.m */,
				FBA1EDFE1DD1FB87003F56ED /* UIColor+hex.h */,
				FBA1EDFF1DD1FB87003F56ED /* UIColor+hex.m */,
			);
			path = Categories;
			sourceTree = "<group>";
		};
		FBA1EE061DD2033B003F56ED /* Views */ = {
			isa = PBXGroup;
			children = (
				FBA1EE071DD2035D003F56ED /* GroupDetailsCell.h */,
				FBA1EE081DD2035D003F56ED /* GroupDetailsCell.m */,
			);
			path = Views;
			sourceTree = "<group>";
		};
		FBD46E191DD2F4790084EE09 /* NetworkService */ = {
			isa = PBXGroup;
			children = (
				FBD46E1A1DD2F4790084EE09 /* NetworkTasks */,
				FBD46E651DD2F4790084EE09 /* SessionManagerHelper */,
			);
			path = NetworkService;
			sourceTree = "<group>";
		};
		FBD46E1A1DD2F4790084EE09 /* NetworkTasks */ = {
			isa = PBXGroup;
			children = (
				FBD46E311DD2F4790084EE09 /* NetworkModels */,
				FBD46E1B1DD2F4790084EE09 /* BaseNetworkTask */,
				FBD46E941DD2F6E70084EE09 /* Group */,
				FBD46E501DD2F4790084EE09 /* NetworkTaskAPIMethods.h */,
			);
			path = NetworkTasks;
			sourceTree = "<group>";
		};
		FBD46E1B1DD2F4790084EE09 /* BaseNetworkTask */ = {
			isa = PBXGroup;
			children = (
				FBD46E1C1DD2F4790084EE09 /* BaseNetworkTask.h */,
				FBD46E1D1DD2F4790084EE09 /* BaseNetworkTask.m */,
				FBD46E1E1DD2F4790084EE09 /* BaseNetworkTask_protected.h */,
				FBD46E1F1DD2F4790084EE09 /* ParametersModel */,
				FBD46E261DD2F4790084EE09 /* TaskCancellationToken.h */,
				FBD46E271DD2F4790084EE09 /* TaskCancellationToken.m */,
			);
			path = BaseNetworkTask;
			sourceTree = "<group>";
		};
		FBD46E1F1DD2F4790084EE09 /* ParametersModel */ = {
			isa = PBXGroup;
			children = (
				FBD46E201DD2F4790084EE09 /* NetworkTaskParametersModel.h */,
				FBD46E211DD2F4790084EE09 /* NetworkTaskParametersModel.m */,
				FBD46E221DD2F4790084EE09 /* NetworkTaskParameterValidationRule+Rules.h */,
				FBD46E231DD2F4790084EE09 /* NetworkTaskParameterValidationRule+Rules.m */,
				FBD46E241DD2F4790084EE09 /* NetworkTaskParameterValidationRule.h */,
				FBD46E251DD2F4790084EE09 /* NetworkTaskParameterValidationRule.m */,
			);
			path = ParametersModel;
			sourceTree = "<group>";
		};
		FBD46E311DD2F4790084EE09 /* NetworkModels */ = {
			isa = PBXGroup;
			children = (
				FBD46E981DD2F7300084EE09 /* GroupNetworkModel.h */,
				FBD46E991DD2F7300084EE09 /* GroupNetworkModel.m */,
				FBD46EA71DD30BA70084EE09 /* WallNetworkModel.h */,
				FBD46EA81DD30BA70084EE09 /* WallNetworkModel.m */,
				FBD46E9E1DD2F8A60084EE09 /* WallPostNetworkModel.h */,
				FBD46E9F1DD2F8A60084EE09 /* WallPostNetworkModel.m */,
				FBD46EA11DD2F8B00084EE09 /* ProfileNetworkModel.h */,
				FBD46EA21DD2F8B00084EE09 /* ProfileNetworkModel.m */,
			);
			path = NetworkModels;
			sourceTree = "<group>";
		};
		FBD46E651DD2F4790084EE09 /* SessionManagerHelper */ = {
			isa = PBXGroup;
			children = (
				FBD46E661DD2F4790084EE09 /* MyRequestSerializer.h */,
				FBD46E671DD2F4790084EE09 /* MyRequestSerializer.m */,
				FBD46E681DD2F4790084EE09 /* MyResponseSerializer.h */,
				FBD46E691DD2F4790084EE09 /* MyResponseSerializer.m */,
				FBD46E6A1DD2F4790084EE09 /* SessionManagerHelper.h */,
				FBD46E6B1DD2F4790084EE09 /* SessionManagerHelper.m */,
			);
			path = SessionManagerHelper;
			sourceTree = "<group>";
		};
		FBD46E901DD2F60A0084EE09 /* ErrorsHelper */ = {
			isa = PBXGroup;
			children = (
				FBD46E911DD2F60A0084EE09 /* ErrorsHelper.h */,
				FBD46E921DD2F60A0084EE09 /* ErrorsHelper.m */,
			);
			path = ErrorsHelper;
			sourceTree = "<group>";
		};
		FBD46E941DD2F6E70084EE09 /* Group */ = {
			isa = PBXGroup;
			children = (
				FBD46E951DD2F6FE0084EE09 /* GetGroupNetworkTask.h */,
				FBD46E961DD2F6FE0084EE09 /* GetGroupNetworkTask.m */,
				FBD46E9B1DD2F8840084EE09 /* GetGroupWallNetworkTask.h */,
				FBD46E9C1DD2F8840084EE09 /* GetGroupWallNetworkTask.m */,
				FB3DE11A1DD34F370048E494 /* GetGroupsNetworkTask.h */,
				FB3DE11B1DD34F370048E494 /* GetGroupsNetworkTask.m */,
			);
			path = Group;
			sourceTree = "<group>";
		};
/* End PBXGroup section */

/* Begin PBXNativeTarget section */
		FB9772931DD084810033B64E /* VKWallReader */ = {
			isa = PBXNativeTarget;
			buildConfigurationList = FB9772B91DD084810033B64E /* Build configuration list for PBXNativeTarget "VKWallReader" */;
			buildPhases = (
				73773EA1F816C7C4E5E60747 /* [CP] Check Pods Manifest.lock */,
				FB9772901DD084810033B64E /* Sources */,
				FB9772911DD084810033B64E /* Frameworks */,
				FB9772921DD084810033B64E /* Resources */,
				AA576CC6C4E9A5834E165D6B /* [CP] Embed Pods Frameworks */,
				5761084DC4C41FD7DB146232 /* [CP] Copy Pods Resources */,
			);
			buildRules = (
			);
			dependencies = (
			);
			name = VKWallReader;
			productName = VKWallReader;
			productReference = FB9772941DD084810033B64E /* VKWallReader.app */;
			productType = "com.apple.product-type.application";
		};
		FB9772AF1DD084810033B64E /* VKWallReaderTests */ = {
			isa = PBXNativeTarget;
			buildConfigurationList = FB9772BC1DD084810033B64E /* Build configuration list for PBXNativeTarget "VKWallReaderTests" */;
			buildPhases = (
				0A8BE3D86869DF8A8F48FB8F /* [CP] Check Pods Manifest.lock */,
				FB9772AC1DD084810033B64E /* Sources */,
				FB9772AD1DD084810033B64E /* Frameworks */,
				FB9772AE1DD084810033B64E /* Resources */,
				1E3F3E9190833FCACF8EAF91 /* [CP] Embed Pods Frameworks */,
				AC71777C692CD0CDC6F621F7 /* [CP] Copy Pods Resources */,
			);
			buildRules = (
			);
			dependencies = (
				FB9772B21DD084810033B64E /* PBXTargetDependency */,
			);
			name = VKWallReaderTests;
			productName = VKWallReaderTests;
			productReference = FB9772B01DD084810033B64E /* VKWallReaderTests.xctest */;
			productType = "com.apple.product-type.bundle.unit-test";
		};
/* End PBXNativeTarget section */

/* Begin PBXProject section */
		FB97728C1DD084810033B64E /* Project object */ = {
			isa = PBXProject;
			attributes = {
				LastUpgradeCheck = 0810;
				ORGANIZATIONNAME = nvv;
				TargetAttributes = {
					FB9772931DD084810033B64E = {
						CreatedOnToolsVersion = 8.1;
						DevelopmentTeam = Z6MDUXH66B;
						ProvisioningStyle = Automatic;
					};
					FB9772AF1DD084810033B64E = {
						CreatedOnToolsVersion = 8.1;
						DevelopmentTeam = Z6MDUXH66B;
						ProvisioningStyle = Automatic;
						TestTargetID = FB9772931DD084810033B64E;
					};
				};
			};
			buildConfigurationList = FB97728F1DD084810033B64E /* Build configuration list for PBXProject "VKWallReader" */;
			compatibilityVersion = "Xcode 3.2";
			developmentRegion = English;
			hasScannedForEncodings = 0;
			knownRegions = (
				en,
				Base,
			);
			mainGroup = FB97728B1DD084810033B64E;
			productRefGroup = FB9772951DD084810033B64E /* Products */;
			projectDirPath = "";
			projectRoot = "";
			targets = (
				FB9772931DD084810033B64E /* VKWallReader */,
				FB9772AF1DD084810033B64E /* VKWallReaderTests */,
			);
		};
/* End PBXProject section */

/* Begin PBXResourcesBuildPhase section */
		FB9772921DD084810033B64E /* Resources */ = {
			isa = PBXResourcesBuildPhase;
			buildActionMask = 2147483647;
			files = (
				FB8C8C071DD1D578008A7995 /* Items.storyboard in Resources */,
				FB9772AA1DD084810033B64E /* LaunchScreen.storyboard in Resources */,
				FB9772A71DD084810033B64E /* Assets.xcassets in Resources */,
				FB8C8D3A1DD1E21E008A7995 /* Main.storyboard in Resources */,
			);
			runOnlyForDeploymentPostprocessing = 0;
		};
		FB9772AE1DD084810033B64E /* Resources */ = {
			isa = PBXResourcesBuildPhase;
			buildActionMask = 2147483647;
			files = (
			);
			runOnlyForDeploymentPostprocessing = 0;
		};
/* End PBXResourcesBuildPhase section */

/* Begin PBXShellScriptBuildPhase section */
		0A8BE3D86869DF8A8F48FB8F /* [CP] Check Pods Manifest.lock */ = {
			isa = PBXShellScriptBuildPhase;
			buildActionMask = 2147483647;
			files = (
			);
			inputPaths = (
			);
			name = "[CP] Check Pods Manifest.lock";
			outputPaths = (
			);
			runOnlyForDeploymentPostprocessing = 0;
			shellPath = /bin/sh;
			shellScript = "diff \"${PODS_ROOT}/../Podfile.lock\" \"${PODS_ROOT}/Manifest.lock\" > /dev/null\nif [ $? != 0 ] ; then\n    # print error to STDERR\n    echo \"error: The sandbox is not in sync with the Podfile.lock. Run 'pod install' or update your CocoaPods installation.\" >&2\n    exit 1\nfi\n";
			showEnvVarsInLog = 0;
		};
		1E3F3E9190833FCACF8EAF91 /* [CP] Embed Pods Frameworks */ = {
			isa = PBXShellScriptBuildPhase;
			buildActionMask = 2147483647;
			files = (
			);
			inputPaths = (
			);
			name = "[CP] Embed Pods Frameworks";
			outputPaths = (
			);
			runOnlyForDeploymentPostprocessing = 0;
			shellPath = /bin/sh;
			shellScript = "\"${SRCROOT}/Pods/Target Support Files/Pods-VKWallReaderTests/Pods-VKWallReaderTests-frameworks.sh\"\n";
			showEnvVarsInLog = 0;
		};
		5761084DC4C41FD7DB146232 /* [CP] Copy Pods Resources */ = {
			isa = PBXShellScriptBuildPhase;
			buildActionMask = 2147483647;
			files = (
			);
			inputPaths = (
			);
			name = "[CP] Copy Pods Resources";
			outputPaths = (
			);
			runOnlyForDeploymentPostprocessing = 0;
			shellPath = /bin/sh;
			shellScript = "\"${SRCROOT}/Pods/Target Support Files/Pods-VKWallReader/Pods-VKWallReader-resources.sh\"\n";
			showEnvVarsInLog = 0;
		};
		73773EA1F816C7C4E5E60747 /* [CP] Check Pods Manifest.lock */ = {
			isa = PBXShellScriptBuildPhase;
			buildActionMask = 2147483647;
			files = (
			);
			inputPaths = (
			);
			name = "[CP] Check Pods Manifest.lock";
			outputPaths = (
			);
			runOnlyForDeploymentPostprocessing = 0;
			shellPath = /bin/sh;
			shellScript = "diff \"${PODS_ROOT}/../Podfile.lock\" \"${PODS_ROOT}/Manifest.lock\" > /dev/null\nif [ $? != 0 ] ; then\n    # print error to STDERR\n    echo \"error: The sandbox is not in sync with the Podfile.lock. Run 'pod install' or update your CocoaPods installation.\" >&2\n    exit 1\nfi\n";
			showEnvVarsInLog = 0;
		};
		AA576CC6C4E9A5834E165D6B /* [CP] Embed Pods Frameworks */ = {
			isa = PBXShellScriptBuildPhase;
			buildActionMask = 2147483647;
			files = (
			);
			inputPaths = (
			);
			name = "[CP] Embed Pods Frameworks";
			outputPaths = (
			);
			runOnlyForDeploymentPostprocessing = 0;
			shellPath = /bin/sh;
			shellScript = "\"${SRCROOT}/Pods/Target Support Files/Pods-VKWallReader/Pods-VKWallReader-frameworks.sh\"\n";
			showEnvVarsInLog = 0;
		};
		AC71777C692CD0CDC6F621F7 /* [CP] Copy Pods Resources */ = {
			isa = PBXShellScriptBuildPhase;
			buildActionMask = 2147483647;
			files = (
			);
			inputPaths = (
			);
			name = "[CP] Copy Pods Resources";
			outputPaths = (
			);
			runOnlyForDeploymentPostprocessing = 0;
			shellPath = /bin/sh;
			shellScript = "\"${SRCROOT}/Pods/Target Support Files/Pods-VKWallReaderTests/Pods-VKWallReaderTests-resources.sh\"\n";
			showEnvVarsInLog = 0;
		};
/* End PBXShellScriptBuildPhase section */

/* Begin PBXSourcesBuildPhase section */
		FB9772901DD084810033B64E /* Sources */ = {
			isa = PBXSourcesBuildPhase;
			buildActionMask = 2147483647;
			files = (
				FBA1EE021DD1FB87003F56ED /* UIColor+hex.m in Sources */,
				FB3DE11C1DD34F370048E494 /* GetGroupsNetworkTask.m in Sources */,
				FB3DE1081DD33AAB0048E494 /* GetGroupInfoWorker.m in Sources */,
				FB8C8D331DD1E211008A7995 /* MainInteractor.m in Sources */,
				FB3DE1131DD344D20048E494 /* GroupModel.m in Sources */,
				FBA1EDF71DD1EB8B003F56ED /* VKWallReader.xcdatamodeld in Sources */,
				FBD46EA31DD2F8B00084EE09 /* ProfileNetworkModel.m in Sources */,
				FB3DE10F1DD341F60048E494 /* GroupEntity+Additions.m in Sources */,
				FB8C8D351DD1E212008A7995 /* MainModels.m in Sources */,
				FBD46E701DD2F4790084EE09 /* TaskCancellationToken.m in Sources */,
				FBD46E931DD2F60A0084EE09 /* ErrorsHelper.m in Sources */,
				FBD46E9D1DD2F8840084EE09 /* GetGroupWallNetworkTask.m in Sources */,
				FB8C8D361DD1E212008A7995 /* MainPresenter.m in Sources */,
				FB97729C1DD084810033B64E /* AppDelegate.m in Sources */,
				FBD46E8F1DD2F4790084EE09 /* SessionManagerHelper.m in Sources */,
				FB8C8D381DD1E212008A7995 /* MainViewController.m in Sources */,
				FBD46E6D1DD2F4790084EE09 /* NetworkTaskParametersModel.m in Sources */,
				FB3DE1191DD344E80048E494 /* WallPostModel.m in Sources */,
				FBD46E971DD2F6FE0084EE09 /* GetGroupNetworkTask.m in Sources */,
				FB8C8D371DD1E212008A7995 /* MainRouter.m in Sources */,
				FBD46E8D1DD2F4790084EE09 /* MyRequestSerializer.m in Sources */,
				FB8C8D321DD1E211008A7995 /* MainAssembly.m in Sources */,
				FB3DE1161DD344DC0048E494 /* ProfileModel.m in Sources */,
				FBD46E6C1DD2F4790084EE09 /* BaseNetworkTask.m in Sources */,
				FBA1EE091DD2035D003F56ED /* GroupDetailsCell.m in Sources */,
				FBD46E6E1DD2F4790084EE09 /* NetworkTaskParameterValidationRule+Rules.m in Sources */,
				FBD46EA91DD30BA70084EE09 /* WallNetworkModel.m in Sources */,
				FBD46E8E1DD2F4790084EE09 /* MyResponseSerializer.m in Sources */,
				FBD46E6F1DD2F4790084EE09 /* NetworkTaskParameterValidationRule.m in Sources */,
				FB8C8D341DD1E212008A7995 /* MainInputData.m in Sources */,
				FBA1EE011DD1FB87003F56ED /* NSThread+MainThread.m in Sources */,
				FB3DE10C1DD340850048E494 /* UpdateGroupInfoWorker.m in Sources */,
				FBD46EA01DD2F8A60084EE09 /* WallPostNetworkModel.m in Sources */,
				FB9772991DD084810033B64E /* main.m in Sources */,
				FBD46E9A1DD2F7300084EE09 /* GroupNetworkModel.m in Sources */,
			);
			runOnlyForDeploymentPostprocessing = 0;
		};
		FB9772AC1DD084810033B64E /* Sources */ = {
			isa = PBXSourcesBuildPhase;
			buildActionMask = 2147483647;
			files = (
				FB9772B51DD084810033B64E /* VKWallReaderTests.m in Sources */,
			);
			runOnlyForDeploymentPostprocessing = 0;
		};
/* End PBXSourcesBuildPhase section */

/* Begin PBXTargetDependency section */
		FB9772B21DD084810033B64E /* PBXTargetDependency */ = {
			isa = PBXTargetDependency;
			target = FB9772931DD084810033B64E /* VKWallReader */;
			targetProxy = FB9772B11DD084810033B64E /* PBXContainerItemProxy */;
		};
/* End PBXTargetDependency section */

/* Begin PBXVariantGroup section */
		FB9772A81DD084810033B64E /* LaunchScreen.storyboard */ = {
			isa = PBXVariantGroup;
			children = (
				FB9772A91DD084810033B64E /* Base */,
			);
			name = LaunchScreen.storyboard;
			sourceTree = "<group>";
		};
/* End PBXVariantGroup section */

/* Begin XCBuildConfiguration section */
		FB9772B71DD084810033B64E /* Debug */ = {
			isa = XCBuildConfiguration;
			buildSettings = {
				ALWAYS_SEARCH_USER_PATHS = NO;
				CLANG_ANALYZER_NONNULL = YES;
				CLANG_CXX_LANGUAGE_STANDARD = "gnu++0x";
				CLANG_CXX_LIBRARY = "libc++";
				CLANG_ENABLE_MODULES = YES;
				CLANG_ENABLE_OBJC_ARC = YES;
				CLANG_WARN_BOOL_CONVERSION = YES;
				CLANG_WARN_CONSTANT_CONVERSION = YES;
				CLANG_WARN_DIRECT_OBJC_ISA_USAGE = YES_ERROR;
				CLANG_WARN_DOCUMENTATION_COMMENTS = YES;
				CLANG_WARN_EMPTY_BODY = YES;
				CLANG_WARN_ENUM_CONVERSION = YES;
				CLANG_WARN_INFINITE_RECURSION = YES;
				CLANG_WARN_INT_CONVERSION = YES;
				CLANG_WARN_OBJC_ROOT_CLASS = YES_ERROR;
				CLANG_WARN_SUSPICIOUS_MOVE = YES;
				CLANG_WARN_SUSPICIOUS_MOVES = YES;
				CLANG_WARN_UNREACHABLE_CODE = YES;
				CLANG_WARN__DUPLICATE_METHOD_MATCH = YES;
				"CODE_SIGN_IDENTITY[sdk=iphoneos*]" = "iPhone Developer";
				COPY_PHASE_STRIP = NO;
				DEBUG_INFORMATION_FORMAT = dwarf;
				ENABLE_STRICT_OBJC_MSGSEND = YES;
				ENABLE_TESTABILITY = YES;
				GCC_C_LANGUAGE_STANDARD = gnu99;
				GCC_DYNAMIC_NO_PIC = NO;
				GCC_NO_COMMON_BLOCKS = YES;
				GCC_OPTIMIZATION_LEVEL = 0;
				GCC_PREPROCESSOR_DEFINITIONS = (
					"DEBUG=1",
					"$(inherited)",
				);
				GCC_WARN_64_TO_32_BIT_CONVERSION = YES;
				GCC_WARN_ABOUT_RETURN_TYPE = YES_ERROR;
				GCC_WARN_UNDECLARED_SELECTOR = YES;
				GCC_WARN_UNINITIALIZED_AUTOS = YES_AGGRESSIVE;
				GCC_WARN_UNUSED_FUNCTION = YES;
				GCC_WARN_UNUSED_VARIABLE = YES;
				IPHONEOS_DEPLOYMENT_TARGET = 10.1;
				MTL_ENABLE_DEBUG_INFO = YES;
				ONLY_ACTIVE_ARCH = YES;
				SDKROOT = iphoneos;
				TARGETED_DEVICE_FAMILY = "1,2";
			};
			name = Debug;
		};
		FB9772B81DD084810033B64E /* Release */ = {
			isa = XCBuildConfiguration;
			buildSettings = {
				ALWAYS_SEARCH_USER_PATHS = NO;
				CLANG_ANALYZER_NONNULL = YES;
				CLANG_CXX_LANGUAGE_STANDARD = "gnu++0x";
				CLANG_CXX_LIBRARY = "libc++";
				CLANG_ENABLE_MODULES = YES;
				CLANG_ENABLE_OBJC_ARC = YES;
				CLANG_WARN_BOOL_CONVERSION = YES;
				CLANG_WARN_CONSTANT_CONVERSION = YES;
				CLANG_WARN_DIRECT_OBJC_ISA_USAGE = YES_ERROR;
				CLANG_WARN_DOCUMENTATION_COMMENTS = YES;
				CLANG_WARN_EMPTY_BODY = YES;
				CLANG_WARN_ENUM_CONVERSION = YES;
				CLANG_WARN_INFINITE_RECURSION = YES;
				CLANG_WARN_INT_CONVERSION = YES;
				CLANG_WARN_OBJC_ROOT_CLASS = YES_ERROR;
				CLANG_WARN_SUSPICIOUS_MOVE = YES;
				CLANG_WARN_SUSPICIOUS_MOVES = YES;
				CLANG_WARN_UNREACHABLE_CODE = YES;
				CLANG_WARN__DUPLICATE_METHOD_MATCH = YES;
				"CODE_SIGN_IDENTITY[sdk=iphoneos*]" = "iPhone Developer";
				COPY_PHASE_STRIP = NO;
				DEBUG_INFORMATION_FORMAT = "dwarf-with-dsym";
				ENABLE_NS_ASSERTIONS = NO;
				ENABLE_STRICT_OBJC_MSGSEND = YES;
				GCC_C_LANGUAGE_STANDARD = gnu99;
				GCC_NO_COMMON_BLOCKS = YES;
				GCC_WARN_64_TO_32_BIT_CONVERSION = YES;
				GCC_WARN_ABOUT_RETURN_TYPE = YES_ERROR;
				GCC_WARN_UNDECLARED_SELECTOR = YES;
				GCC_WARN_UNINITIALIZED_AUTOS = YES_AGGRESSIVE;
				GCC_WARN_UNUSED_FUNCTION = YES;
				GCC_WARN_UNUSED_VARIABLE = YES;
				IPHONEOS_DEPLOYMENT_TARGET = 10.1;
				MTL_ENABLE_DEBUG_INFO = NO;
				SDKROOT = iphoneos;
				TARGETED_DEVICE_FAMILY = "1,2";
				VALIDATE_PRODUCT = YES;
			};
			name = Release;
		};
		FB9772BA1DD084810033B64E /* Debug */ = {
			isa = XCBuildConfiguration;
			baseConfigurationReference = E601FB559F10C971378CE700 /* Pods-VKWallReader.debug.xcconfig */;
			buildSettings = {
				ASSETCATALOG_COMPILER_APPICON_NAME = AppIcon;
				DEVELOPMENT_TEAM = Z6MDUXH66B;
				INFOPLIST_FILE = VKWallReader/Info.plist;
				IPHONEOS_DEPLOYMENT_TARGET = 9.0;
				LD_RUNPATH_SEARCH_PATHS = "$(inherited) @executable_path/Frameworks";
				PRODUCT_BUNDLE_IDENTIFIER = com.nvv.VKWallReader;
				PRODUCT_NAME = "$(TARGET_NAME)";
			};
			name = Debug;
		};
		FB9772BB1DD084810033B64E /* Release */ = {
			isa = XCBuildConfiguration;
			baseConfigurationReference = 564A3B0949A1DEBD623C53BA /* Pods-VKWallReader.release.xcconfig */;
			buildSettings = {
				ASSETCATALOG_COMPILER_APPICON_NAME = AppIcon;
				DEVELOPMENT_TEAM = Z6MDUXH66B;
				INFOPLIST_FILE = VKWallReader/Info.plist;
				IPHONEOS_DEPLOYMENT_TARGET = 9.0;
				LD_RUNPATH_SEARCH_PATHS = "$(inherited) @executable_path/Frameworks";
				PRODUCT_BUNDLE_IDENTIFIER = com.nvv.VKWallReader;
				PRODUCT_NAME = "$(TARGET_NAME)";
			};
			name = Release;
		};
		FB9772BD1DD084810033B64E /* Debug */ = {
			isa = XCBuildConfiguration;
			baseConfigurationReference = B5FB1A13571CF619A5855A47 /* Pods-VKWallReaderTests.debug.xcconfig */;
			buildSettings = {
				BUNDLE_LOADER = "$(TEST_HOST)";
				DEVELOPMENT_TEAM = Z6MDUXH66B;
				INFOPLIST_FILE = VKWallReaderTests/Info.plist;
				LD_RUNPATH_SEARCH_PATHS = "$(inherited) @executable_path/Frameworks @loader_path/Frameworks";
				PRODUCT_BUNDLE_IDENTIFIER = com.nvv.VKWallReaderTests;
				PRODUCT_NAME = "$(TARGET_NAME)";
				TEST_HOST = "$(BUILT_PRODUCTS_DIR)/VKWallReader.app/VKWallReader";
			};
			name = Debug;
		};
		FB9772BE1DD084810033B64E /* Release */ = {
			isa = XCBuildConfiguration;
			baseConfigurationReference = 006501C500AD838318B6DECF /* Pods-VKWallReaderTests.release.xcconfig */;
			buildSettings = {
				BUNDLE_LOADER = "$(TEST_HOST)";
				DEVELOPMENT_TEAM = Z6MDUXH66B;
				INFOPLIST_FILE = VKWallReaderTests/Info.plist;
				LD_RUNPATH_SEARCH_PATHS = "$(inherited) @executable_path/Frameworks @loader_path/Frameworks";
				PRODUCT_BUNDLE_IDENTIFIER = com.nvv.VKWallReaderTests;
				PRODUCT_NAME = "$(TARGET_NAME)";
				TEST_HOST = "$(BUILT_PRODUCTS_DIR)/VKWallReader.app/VKWallReader";
			};
			name = Release;
		};
/* End XCBuildConfiguration section */

/* Begin XCConfigurationList section */
		FB97728F1DD084810033B64E /* Build configuration list for PBXProject "VKWallReader" */ = {
			isa = XCConfigurationList;
			buildConfigurations = (
				FB9772B71DD084810033B64E /* Debug */,
				FB9772B81DD084810033B64E /* Release */,
			);
			defaultConfigurationIsVisible = 0;
			defaultConfigurationName = Release;
		};
		FB9772B91DD084810033B64E /* Build configuration list for PBXNativeTarget "VKWallReader" */ = {
			isa = XCConfigurationList;
			buildConfigurations = (
				FB9772BA1DD084810033B64E /* Debug */,
				FB9772BB1DD084810033B64E /* Release */,
			);
			defaultConfigurationIsVisible = 0;
			defaultConfigurationName = Release;
		};
		FB9772BC1DD084810033B64E /* Build configuration list for PBXNativeTarget "VKWallReaderTests" */ = {
			isa = XCConfigurationList;
			buildConfigurations = (
				FB9772BD1DD084810033B64E /* Debug */,
				FB9772BE1DD084810033B64E /* Release */,
			);
			defaultConfigurationIsVisible = 0;
			defaultConfigurationName = Release;
		};
/* End XCConfigurationList section */

/* Begin XCVersionGroup section */
		FBA1EDF51DD1EB8B003F56ED /* VKWallReader.xcdatamodeld */ = {
			isa = XCVersionGroup;
			children = (
				FBA1EDF61DD1EB8B003F56ED /* VKWallReader.xcdatamodel */,
			);
			currentVersion = FBA1EDF61DD1EB8B003F56ED /* VKWallReader.xcdatamodel */;
			path = VKWallReader.xcdatamodeld;
			sourceTree = "<group>";
			versionGroupType = wrapper.xcdatamodel;
		};
/* End XCVersionGroup section */
	};
	rootObject = FB97728C1DD084810033B64E /* Project object */;
}
